// !$*UTF8*$!
{
	archiveVersion = 1;
	classes = {
	};
	objectVersion = 50;
	objects = {

/* Begin PBXBuildFile section */
		ADAC7E00226350F8004F84DA /* SplashControllerMilliet.swift in Sources */ = {isa = PBXBuildFile; fileRef = ADAC7DEC226350F8004F84DA /* SplashControllerMilliet.swift */; };
		ADAC7E04226350F8004F84DA /* SplashControllerBedague.swift in Sources */ = {isa = PBXBuildFile; fileRef = ADAC7DF0226350F8004F84DA /* SplashControllerBedague.swift */; };
		ADAC7E05226350F8004F84DA /* SplashControllerBistrocash.swift in Sources */ = {isa = PBXBuildFile; fileRef = ADAC7DF1226350F8004F84DA /* SplashControllerBistrocash.swift */; };
		ADAC7E0B226350F8004F84DA /* SplashControllerCambos.swift in Sources */ = {isa = PBXBuildFile; fileRef = ADAC7DF8226350F8004F84DA /* SplashControllerCambos.swift */; };
		ADAC7E0C226350F8004F84DA /* SplashControllerOdoo.swift in Sources */ = {isa = PBXBuildFile; fileRef = ADAC7DF9226350F8004F84DA /* SplashControllerOdoo.swift */; };
		ADAC7E0D226350F8004F84DA /* SplashControllerPrios.swift in Sources */ = {isa = PBXBuildFile; fileRef = ADAC7DFA226350F8004F84DA /* SplashControllerPrios.swift */; };
		ADAC7E0E226350F8004F84DA /* SplashControllerSerca.swift in Sources */ = {isa = PBXBuildFile; fileRef = ADAC7DFB226350F8004F84DA /* SplashControllerSerca.swift */; };
		ADAC7E0F226350F8004F84DA /* SplashControllerABL.swift in Sources */ = {isa = PBXBuildFile; fileRef = ADAC7DFC226350F8004F84DA /* SplashControllerABL.swift */; };
		ADAC7E10226350F8004F84DA /* SplashViewController.swift in Sources */ = {isa = PBXBuildFile; fileRef = ADAC7DFD226350F8004F84DA /* SplashViewController.swift */; };
		ADAC7E11226350F8004F84DA /* Splash.storyboard in Resources */ = {isa = PBXBuildFile; fileRef = ADAC7DFE226350F8004F84DA /* Splash.storyboard */; };
		ADAC7E12226350F8004F84DA /* SplashController.swift in Sources */ = {isa = PBXBuildFile; fileRef = ADAC7DFF226350F8004F84DA /* SplashController.swift */; };
		ADAC7E2B22635514004F84DA /* CartModel-Ouest.swift in Sources */ = {isa = PBXBuildFile; fileRef = ADAC7E1922635514004F84DA /* CartModel-Ouest.swift */; };
		ADAC7E2C22635514004F84DA /* CartModel-PNB.swift in Sources */ = {isa = PBXBuildFile; fileRef = ADAC7E1A22635514004F84DA /* CartModel-PNB.swift */; };
		ADAC7E2D22635514004F84DA /* CartModel-Milliet.swift in Sources */ = {isa = PBXBuildFile; fileRef = ADAC7E1B22635514004F84DA /* CartModel-Milliet.swift */; };
		ADAC7E2E22635514004F84DA /* CartModel-LEDG.swift in Sources */ = {isa = PBXBuildFile; fileRef = ADAC7E1C22635514004F84DA /* CartModel-LEDG.swift */; };
		ADAC7E2F22635514004F84DA /* CartModel-Proxi.swift in Sources */ = {isa = PBXBuildFile; fileRef = ADAC7E1D22635514004F84DA /* CartModel-Proxi.swift */; };
		ADAC7E3022635514004F84DA /* CartModel-Bedague.swift in Sources */ = {isa = PBXBuildFile; fileRef = ADAC7E1E22635514004F84DA /* CartModel-Bedague.swift */; };
		ADAC7E3122635514004F84DA /* CartModel-Pietrini.swift in Sources */ = {isa = PBXBuildFile; fileRef = ADAC7E1F22635514004F84DA /* CartModel-Pietrini.swift */; };
		ADAC7E3222635514004F84DA /* CartModel-Bistrocash.swift in Sources */ = {isa = PBXBuildFile; fileRef = ADAC7E2022635514004F84DA /* CartModel-Bistrocash.swift */; };
		ADAC7E3322635514004F84DA /* CartModel-Rouquette.swift in Sources */ = {isa = PBXBuildFile; fileRef = ADAC7E2122635514004F84DA /* CartModel-Rouquette.swift */; };
		ADAC7E3422635514004F84DA /* CartModel-Forez.swift in Sources */ = {isa = PBXBuildFile; fileRef = ADAC7E2222635514004F84DA /* CartModel-Forez.swift */; };
		ADAC7E3522635514004F84DA /* CartModel-Berthelot.swift in Sources */ = {isa = PBXBuildFile; fileRef = ADAC7E2322635514004F84DA /* CartModel-Berthelot.swift */; };
		ADAC7E3622635514004F84DA /* CartModel_Prios.swift in Sources */ = {isa = PBXBuildFile; fileRef = ADAC7E2522635514004F84DA /* CartModel_Prios.swift */; };
		ADAC7E3722635514004F84DA /* CartModel_Odoo.swift in Sources */ = {isa = PBXBuildFile; fileRef = ADAC7E2622635514004F84DA /* CartModel_Odoo.swift */; };
		ADAC7E3822635514004F84DA /* CartModel_ABL.swift in Sources */ = {isa = PBXBuildFile; fileRef = ADAC7E2722635514004F84DA /* CartModel_ABL.swift */; };
		ADAC7E3922635514004F84DA /* CartModel_Cambos.swift in Sources */ = {isa = PBXBuildFile; fileRef = ADAC7E2822635514004F84DA /* CartModel_Cambos.swift */; };
		ADAC7E3A22635514004F84DA /* CartModel_Serca.swift in Sources */ = {isa = PBXBuildFile; fileRef = ADAC7E2922635514004F84DA /* CartModel_Serca.swift */; };
		ADAC7E3B22635514004F84DA /* CartModel.swift in Sources */ = {isa = PBXBuildFile; fileRef = ADAC7E2A22635514004F84DA /* CartModel.swift */; };
		ADAC7E5522635806004F84DA /* HomeControllerBedague.swift in Sources */ = {isa = PBXBuildFile; fileRef = ADAC7E4122635805004F84DA /* HomeControllerBedague.swift */; };
		ADAC7E5622635806004F84DA /* HomeControllerMilliet.swift in Sources */ = {isa = PBXBuildFile; fileRef = ADAC7E4222635805004F84DA /* HomeControllerMilliet.swift */; };
		ADAC7E6222635806004F84DA /* HomeControllerCambos.swift in Sources */ = {isa = PBXBuildFile; fileRef = ADAC7E4F22635805004F84DA /* HomeControllerCambos.swift */; };
		ADAC7E6422635806004F84DA /* HomeControllerABL.swift in Sources */ = {isa = PBXBuildFile; fileRef = ADAC7E5122635805004F84DA /* HomeControllerABL.swift */; };
		ADAC7E6522635806004F84DA /* HomeController.swift in Sources */ = {isa = PBXBuildFile; fileRef = ADAC7E5222635805004F84DA /* HomeController.swift */; };
		ADC50BC7225C8A5C002FE148 /* AppDelegate.swift in Sources */ = {isa = PBXBuildFile; fileRef = ADC50BC6225C8A5C002FE148 /* AppDelegate.swift */; };
		ADC50BCE225C8A5D002FE148 /* Assets.xcassets in Resources */ = {isa = PBXBuildFile; fileRef = ADC50BCD225C8A5D002FE148 /* Assets.xcassets */; };
		ADC50BD1225C8A5D002FE148 /* LaunchScreen.storyboard in Resources */ = {isa = PBXBuildFile; fileRef = ADC50BCF225C8A5D002FE148 /* LaunchScreen.storyboard */; };
		ADC50BEC225CAC64002FE148 /* ConfigurationManager.swift in Sources */ = {isa = PBXBuildFile; fileRef = ADC50BEB225CAC64002FE148 /* ConfigurationManager.swift */; };
		ADE5D1C82271EA5B0019062A /* Controller.swift in Sources */ = {isa = PBXBuildFile; fileRef = ADE5D1C72271EA5B0019062A /* Controller.swift */; };
		ADE5D1D32271F1D30019062A /* SplashControllerBeverage.swift in Sources */ = {isa = PBXBuildFile; fileRef = ADE5D1D22271F1D30019062A /* SplashControllerBeverage.swift */; };
		ADE5D1D822720C6E0019062A /* HomeControllerBeverage.swift in Sources */ = {isa = PBXBuildFile; fileRef = ADE5D1D722720C6E0019062A /* HomeControllerBeverage.swift */; };
		ADE5D1E3227214820019062A /* HomePromotions.xib in Resources */ = {isa = PBXBuildFile; fileRef = ADE5D1E2227214820019062A /* HomePromotions.xib */; };
		ADE5D1E5227214B40019062A /* HomePromotions.swift in Sources */ = {isa = PBXBuildFile; fileRef = ADE5D1E4227214B40019062A /* HomePromotions.swift */; };
		ADE5D1E8227217260019062A /* XibView.swift in Sources */ = {isa = PBXBuildFile; fileRef = ADE5D1E7227217260019062A /* XibView.swift */; };
		ADE5D1FD227257610019062A /* HomeButtons.xib in Resources */ = {isa = PBXBuildFile; fileRef = ADE5D1FB227257610019062A /* HomeButtons.xib */; };
		ADE5D1FE227257610019062A /* HomeButtons.swift in Sources */ = {isa = PBXBuildFile; fileRef = ADE5D1FC227257610019062A /* HomeButtons.swift */; };
		ADE5D2082272F22D0019062A /* Home.storyboard in Resources */ = {isa = PBXBuildFile; fileRef = ADE5D2062272F22D0019062A /* Home.storyboard */; };
		ADE5D2092272F22D0019062A /* HomeViewController.swift in Sources */ = {isa = PBXBuildFile; fileRef = ADE5D2072272F22D0019062A /* HomeViewController.swift */; };
		ADE5D2282272F6660019062A /* HomeCommon.xib in Resources */ = {isa = PBXBuildFile; fileRef = ADE5D2262272F6660019062A /* HomeCommon.xib */; };
		ADE5D2292272F6660019062A /* HomeCommon.swift in Sources */ = {isa = PBXBuildFile; fileRef = ADE5D2272272F6660019062A /* HomeCommon.swift */; };
		ADE5D22C2272F69F0019062A /* HomeBedague.xib in Resources */ = {isa = PBXBuildFile; fileRef = ADE5D22A2272F69F0019062A /* HomeBedague.xib */; };
		ADE5D22D2272F69F0019062A /* HomeBedague.swift in Sources */ = {isa = PBXBuildFile; fileRef = ADE5D22B2272F69F0019062A /* HomeBedague.swift */; };
		ADE5D2302272FAA90019062A /* PromoModel.swift in Sources */ = {isa = PBXBuildFile; fileRef = ADE5D22F2272FAA90019062A /* PromoModel.swift */; };
/* End PBXBuildFile section */

/* Begin PBXBuildRule section */
		ADC50BDD225C8B88002FE148 /* PBXBuildRule */ = {
			isa = PBXBuildRule;
			compilerSpec = com.apple.compilers.proxy.script;
			filePatterns = "*_AB.swift";
			fileType = pattern.proxy;
			isEditable = 1;
			outputFiles = (
				"$(DERIVED_FILE_DIR)/$(INPUT_FILE_NAME)_skipped.swift",
			);
			script = "> \"$DERIVED_FILE_DIR/${INPUT_FILE_NAME}_skipped.swift\"\necho \"$CONFIGURATION\"\n";
		};
/* End PBXBuildRule section */

/* Begin PBXFileReference section */
		ADAC7DEC226350F8004F84DA /* SplashControllerMilliet.swift */ = {isa = PBXFileReference; fileEncoding = 4; lastKnownFileType = sourcecode.swift; path = SplashControllerMilliet.swift; sourceTree = "<group>"; };
		ADAC7DF0226350F8004F84DA /* SplashControllerBedague.swift */ = {isa = PBXFileReference; fileEncoding = 4; lastKnownFileType = sourcecode.swift; path = SplashControllerBedague.swift; sourceTree = "<group>"; };
		ADAC7DF1226350F8004F84DA /* SplashControllerBistrocash.swift */ = {isa = PBXFileReference; fileEncoding = 4; lastKnownFileType = sourcecode.swift; path = SplashControllerBistrocash.swift; sourceTree = "<group>"; };
		ADAC7DF8226350F8004F84DA /* SplashControllerCambos.swift */ = {isa = PBXFileReference; fileEncoding = 4; lastKnownFileType = sourcecode.swift; path = SplashControllerCambos.swift; sourceTree = "<group>"; };
		ADAC7DF9226350F8004F84DA /* SplashControllerOdoo.swift */ = {isa = PBXFileReference; fileEncoding = 4; lastKnownFileType = sourcecode.swift; path = SplashControllerOdoo.swift; sourceTree = "<group>"; };
		ADAC7DFA226350F8004F84DA /* SplashControllerPrios.swift */ = {isa = PBXFileReference; fileEncoding = 4; lastKnownFileType = sourcecode.swift; path = SplashControllerPrios.swift; sourceTree = "<group>"; };
		ADAC7DFB226350F8004F84DA /* SplashControllerSerca.swift */ = {isa = PBXFileReference; fileEncoding = 4; lastKnownFileType = sourcecode.swift; path = SplashControllerSerca.swift; sourceTree = "<group>"; };
		ADAC7DFC226350F8004F84DA /* SplashControllerABL.swift */ = {isa = PBXFileReference; fileEncoding = 4; lastKnownFileType = sourcecode.swift; path = SplashControllerABL.swift; sourceTree = "<group>"; };
		ADAC7DFD226350F8004F84DA /* SplashViewController.swift */ = {isa = PBXFileReference; fileEncoding = 4; lastKnownFileType = sourcecode.swift; path = SplashViewController.swift; sourceTree = "<group>"; };
		ADAC7DFE226350F8004F84DA /* Splash.storyboard */ = {isa = PBXFileReference; fileEncoding = 4; lastKnownFileType = file.storyboard; path = Splash.storyboard; sourceTree = "<group>"; };
		ADAC7DFF226350F8004F84DA /* SplashController.swift */ = {isa = PBXFileReference; fileEncoding = 4; lastKnownFileType = sourcecode.swift; path = SplashController.swift; sourceTree = "<group>"; };
		ADAC7E1922635514004F84DA /* CartModel-Ouest.swift */ = {isa = PBXFileReference; fileEncoding = 4; lastKnownFileType = sourcecode.swift; path = "CartModel-Ouest.swift"; sourceTree = "<group>"; };
		ADAC7E1A22635514004F84DA /* CartModel-PNB.swift */ = {isa = PBXFileReference; fileEncoding = 4; lastKnownFileType = sourcecode.swift; path = "CartModel-PNB.swift"; sourceTree = "<group>"; };
		ADAC7E1B22635514004F84DA /* CartModel-Milliet.swift */ = {isa = PBXFileReference; fileEncoding = 4; lastKnownFileType = sourcecode.swift; path = "CartModel-Milliet.swift"; sourceTree = "<group>"; };
		ADAC7E1C22635514004F84DA /* CartModel-LEDG.swift */ = {isa = PBXFileReference; fileEncoding = 4; lastKnownFileType = sourcecode.swift; path = "CartModel-LEDG.swift"; sourceTree = "<group>"; };
		ADAC7E1D22635514004F84DA /* CartModel-Proxi.swift */ = {isa = PBXFileReference; fileEncoding = 4; lastKnownFileType = sourcecode.swift; path = "CartModel-Proxi.swift"; sourceTree = "<group>"; };
		ADAC7E1E22635514004F84DA /* CartModel-Bedague.swift */ = {isa = PBXFileReference; fileEncoding = 4; lastKnownFileType = sourcecode.swift; path = "CartModel-Bedague.swift"; sourceTree = "<group>"; };
		ADAC7E1F22635514004F84DA /* CartModel-Pietrini.swift */ = {isa = PBXFileReference; fileEncoding = 4; lastKnownFileType = sourcecode.swift; path = "CartModel-Pietrini.swift"; sourceTree = "<group>"; };
		ADAC7E2022635514004F84DA /* CartModel-Bistrocash.swift */ = {isa = PBXFileReference; fileEncoding = 4; lastKnownFileType = sourcecode.swift; path = "CartModel-Bistrocash.swift"; sourceTree = "<group>"; };
		ADAC7E2122635514004F84DA /* CartModel-Rouquette.swift */ = {isa = PBXFileReference; fileEncoding = 4; lastKnownFileType = sourcecode.swift; path = "CartModel-Rouquette.swift"; sourceTree = "<group>"; };
		ADAC7E2222635514004F84DA /* CartModel-Forez.swift */ = {isa = PBXFileReference; fileEncoding = 4; lastKnownFileType = sourcecode.swift; path = "CartModel-Forez.swift"; sourceTree = "<group>"; };
		ADAC7E2322635514004F84DA /* CartModel-Berthelot.swift */ = {isa = PBXFileReference; fileEncoding = 4; lastKnownFileType = sourcecode.swift; path = "CartModel-Berthelot.swift"; sourceTree = "<group>"; };
		ADAC7E2522635514004F84DA /* CartModel_Prios.swift */ = {isa = PBXFileReference; fileEncoding = 4; lastKnownFileType = sourcecode.swift; path = CartModel_Prios.swift; sourceTree = "<group>"; };
		ADAC7E2622635514004F84DA /* CartModel_Odoo.swift */ = {isa = PBXFileReference; fileEncoding = 4; lastKnownFileType = sourcecode.swift; path = CartModel_Odoo.swift; sourceTree = "<group>"; };
		ADAC7E2722635514004F84DA /* CartModel_ABL.swift */ = {isa = PBXFileReference; fileEncoding = 4; lastKnownFileType = sourcecode.swift; path = CartModel_ABL.swift; sourceTree = "<group>"; };
		ADAC7E2822635514004F84DA /* CartModel_Cambos.swift */ = {isa = PBXFileReference; fileEncoding = 4; lastKnownFileType = sourcecode.swift; path = CartModel_Cambos.swift; sourceTree = "<group>"; };
		ADAC7E2922635514004F84DA /* CartModel_Serca.swift */ = {isa = PBXFileReference; fileEncoding = 4; lastKnownFileType = sourcecode.swift; path = CartModel_Serca.swift; sourceTree = "<group>"; };
		ADAC7E2A22635514004F84DA /* CartModel.swift */ = {isa = PBXFileReference; fileEncoding = 4; lastKnownFileType = sourcecode.swift; path = CartModel.swift; sourceTree = "<group>"; };
		ADAC7E4122635805004F84DA /* HomeControllerBedague.swift */ = {isa = PBXFileReference; fileEncoding = 4; lastKnownFileType = sourcecode.swift; path = HomeControllerBedague.swift; sourceTree = "<group>"; };
		ADAC7E4222635805004F84DA /* HomeControllerMilliet.swift */ = {isa = PBXFileReference; fileEncoding = 4; lastKnownFileType = sourcecode.swift; path = HomeControllerMilliet.swift; sourceTree = "<group>"; };
		ADAC7E4F22635805004F84DA /* HomeControllerCambos.swift */ = {isa = PBXFileReference; fileEncoding = 4; lastKnownFileType = sourcecode.swift; path = HomeControllerCambos.swift; sourceTree = "<group>"; };
		ADAC7E5122635805004F84DA /* HomeControllerABL.swift */ = {isa = PBXFileReference; fileEncoding = 4; lastKnownFileType = sourcecode.swift; path = HomeControllerABL.swift; sourceTree = "<group>"; };
		ADAC7E5222635805004F84DA /* HomeController.swift */ = {isa = PBXFileReference; fileEncoding = 4; lastKnownFileType = sourcecode.swift; path = HomeController.swift; sourceTree = "<group>"; };
		ADC50BC3225C8A5C002FE148 /* TargetTest.app */ = {isa = PBXFileReference; explicitFileType = wrapper.application; includeInIndex = 0; path = TargetTest.app; sourceTree = BUILT_PRODUCTS_DIR; };
		ADC50BC6225C8A5C002FE148 /* AppDelegate.swift */ = {isa = PBXFileReference; lastKnownFileType = sourcecode.swift; path = AppDelegate.swift; sourceTree = "<group>"; };
		ADC50BCD225C8A5D002FE148 /* Assets.xcassets */ = {isa = PBXFileReference; lastKnownFileType = folder.assetcatalog; path = Assets.xcassets; sourceTree = "<group>"; };
		ADC50BD0225C8A5D002FE148 /* Base */ = {isa = PBXFileReference; lastKnownFileType = file.storyboard; name = Base; path = Base.lproj/LaunchScreen.storyboard; sourceTree = "<group>"; };
		ADC50BD2225C8A5D002FE148 /* Info.plist */ = {isa = PBXFileReference; lastKnownFileType = text.plist.xml; path = Info.plist; sourceTree = "<group>"; };
		ADC50BEB225CAC64002FE148 /* ConfigurationManager.swift */ = {isa = PBXFileReference; lastKnownFileType = sourcecode.swift; path = ConfigurationManager.swift; sourceTree = "<group>"; };
		ADC6323D225D2BF90035F725 /* checkProjectTemplate.sh */ = {isa = PBXFileReference; lastKnownFileType = text.script.sh; name = checkProjectTemplate.sh; path = "build-phase/checkProjectTemplate.sh"; sourceTree = "<group>"; };
		ADC632C3225E18210035F725 /* README.md */ = {isa = PBXFileReference; lastKnownFileType = net.daringfireball.markdown; path = README.md; sourceTree = SOURCE_ROOT; };
		ADE5D1C72271EA5B0019062A /* Controller.swift */ = {isa = PBXFileReference; lastKnownFileType = sourcecode.swift; path = Controller.swift; sourceTree = "<group>"; };
		ADE5D1D22271F1D30019062A /* SplashControllerBeverage.swift */ = {isa = PBXFileReference; lastKnownFileType = sourcecode.swift; path = SplashControllerBeverage.swift; sourceTree = "<group>"; };
		ADE5D1D722720C6E0019062A /* HomeControllerBeverage.swift */ = {isa = PBXFileReference; lastKnownFileType = sourcecode.swift; path = HomeControllerBeverage.swift; sourceTree = "<group>"; };
		ADE5D1E2227214820019062A /* HomePromotions.xib */ = {isa = PBXFileReference; lastKnownFileType = file.xib; path = HomePromotions.xib; sourceTree = "<group>"; };
		ADE5D1E4227214B40019062A /* HomePromotions.swift */ = {isa = PBXFileReference; lastKnownFileType = sourcecode.swift; path = HomePromotions.swift; sourceTree = "<group>"; };
		ADE5D1E7227217260019062A /* XibView.swift */ = {isa = PBXFileReference; lastKnownFileType = sourcecode.swift; path = XibView.swift; sourceTree = "<group>"; };
		ADE5D1FB227257610019062A /* HomeButtons.xib */ = {isa = PBXFileReference; lastKnownFileType = file.xib; path = HomeButtons.xib; sourceTree = "<group>"; };
		ADE5D1FC227257610019062A /* HomeButtons.swift */ = {isa = PBXFileReference; lastKnownFileType = sourcecode.swift; path = HomeButtons.swift; sourceTree = "<group>"; };
		ADE5D2062272F22D0019062A /* Home.storyboard */ = {isa = PBXFileReference; lastKnownFileType = file.storyboard; path = Home.storyboard; sourceTree = "<group>"; };
		ADE5D2072272F22D0019062A /* HomeViewController.swift */ = {isa = PBXFileReference; lastKnownFileType = sourcecode.swift; path = HomeViewController.swift; sourceTree = "<group>"; };
		ADE5D2262272F6660019062A /* HomeCommon.xib */ = {isa = PBXFileReference; lastKnownFileType = file.xib; path = HomeCommon.xib; sourceTree = "<group>"; };
		ADE5D2272272F6660019062A /* HomeCommon.swift */ = {isa = PBXFileReference; lastKnownFileType = sourcecode.swift; path = HomeCommon.swift; sourceTree = "<group>"; };
		ADE5D22A2272F69F0019062A /* HomeBedague.xib */ = {isa = PBXFileReference; lastKnownFileType = file.xib; path = HomeBedague.xib; sourceTree = "<group>"; };
		ADE5D22B2272F69F0019062A /* HomeBedague.swift */ = {isa = PBXFileReference; lastKnownFileType = sourcecode.swift; path = HomeBedague.swift; sourceTree = "<group>"; };
		ADE5D22F2272FAA90019062A /* PromoModel.swift */ = {isa = PBXFileReference; lastKnownFileType = sourcecode.swift; path = PromoModel.swift; sourceTree = "<group>"; };
/* End PBXFileReference section */

/* Begin PBXFrameworksBuildPhase section */
		ADC50BC0225C8A5C002FE148 /* Frameworks */ = {
			isa = PBXFrameworksBuildPhase;
			buildActionMask = 2147483647;
			files = (
			);
			runOnlyForDeploymentPostprocessing = 0;
		};
/* End PBXFrameworksBuildPhase section */

/* Begin PBXGroup section */
		ADAC7DE9226350F8004F84DA /* Splash */ = {
			isa = PBXGroup;
			children = (
				ADAC7DFD226350F8004F84DA /* SplashViewController.swift */,
				ADAC7DFE226350F8004F84DA /* Splash.storyboard */,
				ADAC7DFF226350F8004F84DA /* SplashController.swift */,
				ADAC7DEA226350F8004F84DA /* Overrides */,
			);
			path = Splash;
			sourceTree = "<group>";
		};
		ADAC7DEA226350F8004F84DA /* Overrides */ = {
			isa = PBXGroup;
			children = (
				ADE5D1C92271EB410019062A /* Beverage */,
			);
			path = Overrides;
			sourceTree = "<group>";
		};
		ADAC7E13226354CB004F84DA /* Models */ = {
			isa = PBXGroup;
			children = (
				ADE5D22E2272FA9C0019062A /* Promo */,
				ADAC7E1622635514004F84DA /* Cart */,
			);
			path = Models;
			sourceTree = "<group>";
		};
		ADAC7E1622635514004F84DA /* Cart */ = {
			isa = PBXGroup;
			children = (
				ADAC7E1722635514004F84DA /* Overrides */,
				ADAC7E2A22635514004F84DA /* CartModel.swift */,
			);
			path = Cart;
			sourceTree = "<group>";
		};
		ADAC7E1722635514004F84DA /* Overrides */ = {
			isa = PBXGroup;
			children = (
				ADAC7E1822635514004F84DA /* App */,
				ADAC7E2422635514004F84DA /* ERP */,
			);
			path = Overrides;
			sourceTree = "<group>";
		};
		ADAC7E1822635514004F84DA /* App */ = {
			isa = PBXGroup;
			children = (
				ADAC7E1922635514004F84DA /* CartModel-Ouest.swift */,
				ADAC7E1A22635514004F84DA /* CartModel-PNB.swift */,
				ADAC7E1B22635514004F84DA /* CartModel-Milliet.swift */,
				ADAC7E1C22635514004F84DA /* CartModel-LEDG.swift */,
				ADAC7E1D22635514004F84DA /* CartModel-Proxi.swift */,
				ADAC7E1E22635514004F84DA /* CartModel-Bedague.swift */,
				ADAC7E1F22635514004F84DA /* CartModel-Pietrini.swift */,
				ADAC7E2022635514004F84DA /* CartModel-Bistrocash.swift */,
				ADAC7E2122635514004F84DA /* CartModel-Rouquette.swift */,
				ADAC7E2222635514004F84DA /* CartModel-Forez.swift */,
				ADAC7E2322635514004F84DA /* CartModel-Berthelot.swift */,
			);
			path = App;
			sourceTree = "<group>";
		};
		ADAC7E2422635514004F84DA /* ERP */ = {
			isa = PBXGroup;
			children = (
				ADAC7E2522635514004F84DA /* CartModel_Prios.swift */,
				ADAC7E2622635514004F84DA /* CartModel_Odoo.swift */,
				ADAC7E2722635514004F84DA /* CartModel_ABL.swift */,
				ADAC7E2822635514004F84DA /* CartModel_Cambos.swift */,
				ADAC7E2922635514004F84DA /* CartModel_Serca.swift */,
			);
			path = ERP;
			sourceTree = "<group>";
		};
		ADAC7E3E22635805004F84DA /* Home */ = {
			isa = PBXGroup;
			children = (
				ADE5D2062272F22D0019062A /* Home.storyboard */,
				ADE5D2072272F22D0019062A /* HomeViewController.swift */,
				ADAC7E5222635805004F84DA /* HomeController.swift */,
				ADE5D1DE22720ECF0019062A /* Xibs */,
				ADE5D21F2272F5C90019062A /* Modules */,
				ADAC7E3F22635805004F84DA /* Overrides */,
			);
			path = Home;
			sourceTree = "<group>";
		};
		ADAC7E3F22635805004F84DA /* Overrides */ = {
			isa = PBXGroup;
			children = (
				ADE5D1D4227208F00019062A /* Beverage */,
			);
			path = Overrides;
			sourceTree = "<group>";
		};
		ADC50BBA225C8A5C002FE148 = {
			isa = PBXGroup;
			children = (
				ADC632C3225E18210035F725 /* README.md */,
				ADC50BC5225C8A5C002FE148 /* TargetTest */,
				ADC50BC4225C8A5C002FE148 /* Products */,
			);
			sourceTree = "<group>";
		};
		ADC50BC4225C8A5C002FE148 /* Products */ = {
			isa = PBXGroup;
			children = (
				ADC50BC3225C8A5C002FE148 /* TargetTest.app */,
			);
			name = Products;
			sourceTree = "<group>";
		};
		ADC50BC5225C8A5C002FE148 /* TargetTest */ = {
			isa = PBXGroup;
			children = (
				ADC50BC6225C8A5C002FE148 /* AppDelegate.swift */,
				ADC50BEA225CAC35002FE148 /* Configuration Manager */,
				ADE5D1E6227216E20019062A /* Global SuperClasses */,
				ADC63391225E26470035F725 /* Views */,
				ADAC7E13226354CB004F84DA /* Models */,
				ADC50BCD225C8A5D002FE148 /* Assets.xcassets */,
				ADC50BCF225C8A5D002FE148 /* LaunchScreen.storyboard */,
				ADC50BD2225C8A5D002FE148 /* Info.plist */,
				ADC6323D225D2BF90035F725 /* checkProjectTemplate.sh */,
			);
			path = TargetTest;
			sourceTree = "<group>";
		};
		ADC50BEA225CAC35002FE148 /* Configuration Manager */ = {
			isa = PBXGroup;
			children = (
				ADC50BEB225CAC64002FE148 /* ConfigurationManager.swift */,
			);
			path = "Configuration Manager";
			sourceTree = "<group>";
		};
		ADC63391225E26470035F725 /* Views */ = {
			isa = PBXGroup;
			children = (
				ADAC7DE9226350F8004F84DA /* Splash */,
				ADAC7E3E22635805004F84DA /* Home */,
			);
			path = Views;
			sourceTree = "<group>";
		};
		ADE5D1C92271EB410019062A /* Beverage */ = {
			isa = PBXGroup;
			children = (
				ADE5D1D22271F1D30019062A /* SplashControllerBeverage.swift */,
				ADE5D1D12271EC350019062A /* Serca */,
				ADE5D1D02271EC300019062A /* Prios */,
				ADE5D1CF2271EC2B0019062A /* Odoo */,
				ADE5D1CE2271EBFE0019062A /* Cambos */,
				ADE5D1CA2271EB4A0019062A /* ABL */,
			);
			path = Beverage;
			sourceTree = "<group>";
		};
		ADE5D1CA2271EB4A0019062A /* ABL */ = {
			isa = PBXGroup;
			children = (
				ADAC7DFC226350F8004F84DA /* SplashControllerABL.swift */,
				ADE5D1CB2271EBAF0019062A /* Bedague */,
			);
			path = ABL;
			sourceTree = "<group>";
		};
		ADE5D1CB2271EBAF0019062A /* Bedague */ = {
			isa = PBXGroup;
			children = (
				ADAC7DF0226350F8004F84DA /* SplashControllerBedague.swift */,
			);
			path = Bedague;
			sourceTree = "<group>";
		};
		ADE5D1CC2271EBC50019062A /* Milliet */ = {
			isa = PBXGroup;
			children = (
				ADAC7DEC226350F8004F84DA /* SplashControllerMilliet.swift */,
			);
			path = Milliet;
			sourceTree = "<group>";
		};
		ADE5D1CD2271EBCE0019062A /* Bistrocash */ = {
			isa = PBXGroup;
			children = (
				ADAC7DF1226350F8004F84DA /* SplashControllerBistrocash.swift */,
			);
			path = Bistrocash;
			sourceTree = "<group>";
		};
		ADE5D1CE2271EBFE0019062A /* Cambos */ = {
			isa = PBXGroup;
			children = (
				ADAC7DF8226350F8004F84DA /* SplashControllerCambos.swift */,
				ADE5D1CD2271EBCE0019062A /* Bistrocash */,
				ADE5D1CC2271EBC50019062A /* Milliet */,
			);
			path = Cambos;
			sourceTree = "<group>";
		};
		ADE5D1CF2271EC2B0019062A /* Odoo */ = {
			isa = PBXGroup;
			children = (
				ADAC7DF9226350F8004F84DA /* SplashControllerOdoo.swift */,
			);
			path = Odoo;
			sourceTree = "<group>";
		};
		ADE5D1D02271EC300019062A /* Prios */ = {
			isa = PBXGroup;
			children = (
				ADAC7DFA226350F8004F84DA /* SplashControllerPrios.swift */,
			);
			path = Prios;
			sourceTree = "<group>";
		};
		ADE5D1D12271EC350019062A /* Serca */ = {
			isa = PBXGroup;
			children = (
				ADAC7DFB226350F8004F84DA /* SplashControllerSerca.swift */,
			);
			path = Serca;
			sourceTree = "<group>";
		};
		ADE5D1D4227208F00019062A /* Beverage */ = {
			isa = PBXGroup;
			children = (
				ADE5D1D722720C6E0019062A /* HomeControllerBeverage.swift */,
				ADE5D1DA22720C8C0019062A /* Cambos */,
				ADE5D1D922720C840019062A /* ABL */,
			);
			path = Beverage;
			sourceTree = "<group>";
		};
		ADE5D1D922720C840019062A /* ABL */ = {
			isa = PBXGroup;
			children = (
				ADAC7E5122635805004F84DA /* HomeControllerABL.swift */,
				ADE5D1DB22720C9C0019062A /* Bedague */,
			);
			path = ABL;
			sourceTree = "<group>";
		};
		ADE5D1DA22720C8C0019062A /* Cambos */ = {
			isa = PBXGroup;
			children = (
				ADAC7E4F22635805004F84DA /* HomeControllerCambos.swift */,
				ADE5D1DC22720CA10019062A /* Milliet */,
			);
			path = Cambos;
			sourceTree = "<group>";
		};
		ADE5D1DB22720C9C0019062A /* Bedague */ = {
			isa = PBXGroup;
			children = (
				ADAC7E4122635805004F84DA /* HomeControllerBedague.swift */,
			);
			path = Bedague;
			sourceTree = "<group>";
		};
		ADE5D1DC22720CA10019062A /* Milliet */ = {
			isa = PBXGroup;
			children = (
				ADAC7E4222635805004F84DA /* HomeControllerMilliet.swift */,
			);
			path = Milliet;
			sourceTree = "<group>";
		};
		ADE5D1DE22720ECF0019062A /* Xibs */ = {
			isa = PBXGroup;
			children = (
				ADE5D2212272F6420019062A /* Bedague */,
				ADE5D2202272F6390019062A /* Common */,
			);
			path = Xibs;
			sourceTree = "<group>";
		};
		ADE5D1E1227214730019062A /* HomePromotions */ = {
			isa = PBXGroup;
			children = (
				ADE5D1E2227214820019062A /* HomePromotions.xib */,
				ADE5D1E4227214B40019062A /* HomePromotions.swift */,
			);
			path = HomePromotions;
			sourceTree = "<group>";
		};
		ADE5D1E6227216E20019062A /* Global SuperClasses */ = {
			isa = PBXGroup;
			children = (
				ADE5D1C72271EA5B0019062A /* Controller.swift */,
				ADE5D1E7227217260019062A /* XibView.swift */,
			);
			path = "Global SuperClasses";
			sourceTree = "<group>";
		};
		ADE5D1FF227257670019062A /* HomeButtons */ = {
			isa = PBXGroup;
			children = (
				ADE5D1FB227257610019062A /* HomeButtons.xib */,
				ADE5D1FC227257610019062A /* HomeButtons.swift */,
			);
			path = HomeButtons;
			sourceTree = "<group>";
		};
		ADE5D21F2272F5C90019062A /* Modules */ = {
			isa = PBXGroup;
			children = (
				ADE5D1E1227214730019062A /* HomePromotions */,
				ADE5D1FF227257670019062A /* HomeButtons */,
			);
			path = Modules;
			sourceTree = "<group>";
		};
		ADE5D2202272F6390019062A /* Common */ = {
			isa = PBXGroup;
			children = (
				ADE5D2262272F6660019062A /* HomeCommon.xib */,
				ADE5D2272272F6660019062A /* HomeCommon.swift */,
			);
			path = Common;
			sourceTree = "<group>";
		};
		ADE5D2212272F6420019062A /* Bedague */ = {
			isa = PBXGroup;
			children = (
				ADE5D22A2272F69F0019062A /* HomeBedague.xib */,
				ADE5D22B2272F69F0019062A /* HomeBedague.swift */,
			);
			path = Bedague;
			sourceTree = "<group>";
		};
		ADE5D22E2272FA9C0019062A /* Promo */ = {
			isa = PBXGroup;
			children = (
				ADE5D2312272FACE0019062A /* Overrides */,
				ADE5D22F2272FAA90019062A /* PromoModel.swift */,
			);
			path = Promo;
			sourceTree = "<group>";
		};
		ADE5D2312272FACE0019062A /* Overrides */ = {
			isa = PBXGroup;
			children = (
			);
			path = Overrides;
			sourceTree = "<group>";
		};
/* End PBXGroup section */

/* Begin PBXNativeTarget section */
		ADC50BC2225C8A5C002FE148 /* TargetTest */ = {
			isa = PBXNativeTarget;
			buildConfigurationList = ADC50BD5225C8A5D002FE148 /* Build configuration list for PBXNativeTarget "TargetTest" */;
			buildPhases = (
				ADC50BBF225C8A5C002FE148 /* Sources */,
				ADC50BC0225C8A5C002FE148 /* Frameworks */,
				ADC50BC1225C8A5C002FE148 /* Resources */,
			);
			buildRules = (
				ADC50BDD225C8B88002FE148 /* PBXBuildRule */,
			);
			dependencies = (
			);
			name = TargetTest;
			productName = TargetTest;
			productReference = ADC50BC3225C8A5C002FE148 /* TargetTest.app */;
			productType = "com.apple.product-type.application";
		};
/* End PBXNativeTarget section */

/* Begin PBXProject section */
		ADC50BBB225C8A5C002FE148 /* Project object */ = {
			isa = PBXProject;
			attributes = {
				LastSwiftUpdateCheck = 1010;
				LastUpgradeCheck = 1010;
				ORGANIZATIONNAME = "Alexandre Ménielle";
				TargetAttributes = {
					ADC50BC2225C8A5C002FE148 = {
						CreatedOnToolsVersion = 10.1;
					};
				};
			};
			buildConfigurationList = ADC50BBE225C8A5C002FE148 /* Build configuration list for PBXProject "TargetTest" */;
			compatibilityVersion = "Xcode 9.3";
			developmentRegion = en;
			hasScannedForEncodings = 0;
			knownRegions = (
				en,
				Base,
			);
			mainGroup = ADC50BBA225C8A5C002FE148;
			productRefGroup = ADC50BC4225C8A5C002FE148 /* Products */;
			projectDirPath = "";
			projectRoot = "";
			targets = (
				ADC50BC2225C8A5C002FE148 /* TargetTest */,
			);
		};
/* End PBXProject section */

/* Begin PBXResourcesBuildPhase section */
		ADC50BC1225C8A5C002FE148 /* Resources */ = {
			isa = PBXResourcesBuildPhase;
			buildActionMask = 2147483647;
			files = (
				ADC50BD1225C8A5D002FE148 /* LaunchScreen.storyboard in Resources */,
				ADC50BCE225C8A5D002FE148 /* Assets.xcassets in Resources */,
				ADE5D1E3227214820019062A /* HomePromotions.xib in Resources */,
				ADE5D2082272F22D0019062A /* Home.storyboard in Resources */,
				ADE5D2282272F6660019062A /* HomeCommon.xib in Resources */,
				ADAC7E11226350F8004F84DA /* Splash.storyboard in Resources */,
				ADE5D22C2272F69F0019062A /* HomeBedague.xib in Resources */,
				ADE5D1FD227257610019062A /* HomeButtons.xib in Resources */,
			);
			runOnlyForDeploymentPostprocessing = 0;
		};
/* End PBXResourcesBuildPhase section */

/* Begin PBXSourcesBuildPhase section */
		ADC50BBF225C8A5C002FE148 /* Sources */ = {
			isa = PBXSourcesBuildPhase;
			buildActionMask = 2147483647;
			files = (
				ADC50BEC225CAC64002FE148 /* ConfigurationManager.swift in Sources */,
				ADAC7E0F226350F8004F84DA /* SplashControllerABL.swift in Sources */,
				ADAC7E0D226350F8004F84DA /* SplashControllerPrios.swift in Sources */,
				ADAC7E5522635806004F84DA /* HomeControllerBedague.swift in Sources */,
				ADAC7E3422635514004F84DA /* CartModel-Forez.swift in Sources */,
				ADAC7E12226350F8004F84DA /* SplashController.swift in Sources */,
				ADAC7E3022635514004F84DA /* CartModel-Bedague.swift in Sources */,
				ADAC7E3522635514004F84DA /* CartModel-Berthelot.swift in Sources */,
				ADAC7E3222635514004F84DA /* CartModel-Bistrocash.swift in Sources */,
				ADAC7E2C22635514004F84DA /* CartModel-PNB.swift in Sources */,
				ADAC7E3322635514004F84DA /* CartModel-Rouquette.swift in Sources */,
				ADAC7E3122635514004F84DA /* CartModel-Pietrini.swift in Sources */,
				ADAC7E3B22635514004F84DA /* CartModel.swift in Sources */,
				ADAC7E6222635806004F84DA /* HomeControllerCambos.swift in Sources */,
				ADAC7E2B22635514004F84DA /* CartModel-Ouest.swift in Sources */,
				ADAC7E2D22635514004F84DA /* CartModel-Milliet.swift in Sources */,
				ADAC7E2E22635514004F84DA /* CartModel-LEDG.swift in Sources */,
				ADE5D1E5227214B40019062A /* HomePromotions.swift in Sources */,
				ADAC7E3722635514004F84DA /* CartModel_Odoo.swift in Sources */,
				ADAC7E5622635806004F84DA /* HomeControllerMilliet.swift in Sources */,
				ADAC7E04226350F8004F84DA /* SplashControllerBedague.swift in Sources */,
				ADAC7E00226350F8004F84DA /* SplashControllerMilliet.swift in Sources */,
				ADE5D22D2272F69F0019062A /* HomeBedague.swift in Sources */,
				ADAC7E3822635514004F84DA /* CartModel_ABL.swift in Sources */,
				ADAC7E6422635806004F84DA /* HomeControllerABL.swift in Sources */,
				ADAC7E0E226350F8004F84DA /* SplashControllerSerca.swift in Sources */,
				ADE5D2292272F6660019062A /* HomeCommon.swift in Sources */,
				ADAC7E2F22635514004F84DA /* CartModel-Proxi.swift in Sources */,
				ADAC7E3622635514004F84DA /* CartModel_Prios.swift in Sources */,
				ADAC7E05226350F8004F84DA /* SplashControllerBistrocash.swift in Sources */,
				ADAC7E3A22635514004F84DA /* CartModel_Serca.swift in Sources */,
				ADAC7E10226350F8004F84DA /* SplashViewController.swift in Sources */,
				ADC50BC7225C8A5C002FE148 /* AppDelegate.swift in Sources */,
				ADE5D2302272FAA90019062A /* PromoModel.swift in Sources */,
				ADAC7E3922635514004F84DA /* CartModel_Cambos.swift in Sources */,
				ADE5D1D32271F1D30019062A /* SplashControllerBeverage.swift in Sources */,
				ADE5D1C82271EA5B0019062A /* Controller.swift in Sources */,
				ADE5D1FE227257610019062A /* HomeButtons.swift in Sources */,
				ADAC7E6522635806004F84DA /* HomeController.swift in Sources */,
				ADE5D2092272F22D0019062A /* HomeViewController.swift in Sources */,
				ADAC7E0B226350F8004F84DA /* SplashControllerCambos.swift in Sources */,
				ADE5D1D822720C6E0019062A /* HomeControllerBeverage.swift in Sources */,
				ADE5D1E8227217260019062A /* XibView.swift in Sources */,
				ADAC7E0C226350F8004F84DA /* SplashControllerOdoo.swift in Sources */,
			);
			runOnlyForDeploymentPostprocessing = 0;
		};
/* End PBXSourcesBuildPhase section */

/* Begin PBXVariantGroup section */
		ADC50BCF225C8A5D002FE148 /* LaunchScreen.storyboard */ = {
			isa = PBXVariantGroup;
			children = (
				ADC50BD0225C8A5D002FE148 /* Base */,
			);
			name = LaunchScreen.storyboard;
			sourceTree = "<group>";
		};
/* End PBXVariantGroup section */

/* Begin XCBuildConfiguration section */
		ADC50BD3225C8A5D002FE148 /* Bedague */ = {
			isa = XCBuildConfiguration;
			buildSettings = {
				ALWAYS_SEARCH_USER_PATHS = NO;
				CLANG_ANALYZER_NONNULL = YES;
				CLANG_ANALYZER_NUMBER_OBJECT_CONVERSION = YES_AGGRESSIVE;
				CLANG_CXX_LANGUAGE_STANDARD = "gnu++14";
				CLANG_CXX_LIBRARY = "libc++";
				CLANG_ENABLE_MODULES = YES;
				CLANG_ENABLE_OBJC_ARC = YES;
				CLANG_ENABLE_OBJC_WEAK = YES;
				CLANG_WARN_BLOCK_CAPTURE_AUTORELEASING = YES;
				CLANG_WARN_BOOL_CONVERSION = YES;
				CLANG_WARN_COMMA = YES;
				CLANG_WARN_CONSTANT_CONVERSION = YES;
				CLANG_WARN_DEPRECATED_OBJC_IMPLEMENTATIONS = YES;
				CLANG_WARN_DIRECT_OBJC_ISA_USAGE = YES_ERROR;
				CLANG_WARN_DOCUMENTATION_COMMENTS = YES;
				CLANG_WARN_EMPTY_BODY = YES;
				CLANG_WARN_ENUM_CONVERSION = YES;
				CLANG_WARN_INFINITE_RECURSION = YES;
				CLANG_WARN_INT_CONVERSION = YES;
				CLANG_WARN_NON_LITERAL_NULL_CONVERSION = YES;
				CLANG_WARN_OBJC_IMPLICIT_RETAIN_SELF = YES;
				CLANG_WARN_OBJC_LITERAL_CONVERSION = YES;
				CLANG_WARN_OBJC_ROOT_CLASS = YES_ERROR;
				CLANG_WARN_RANGE_LOOP_ANALYSIS = YES;
				CLANG_WARN_STRICT_PROTOTYPES = YES;
				CLANG_WARN_SUSPICIOUS_MOVE = YES;
				CLANG_WARN_UNGUARDED_AVAILABILITY = YES_AGGRESSIVE;
				CLANG_WARN_UNREACHABLE_CODE = YES;
				CLANG_WARN__DUPLICATE_METHOD_MATCH = YES;
				CODE_SIGN_IDENTITY = "iPhone Developer";
				COPY_PHASE_STRIP = NO;
				DEBUG_INFORMATION_FORMAT = dwarf;
				ENABLE_STRICT_OBJC_MSGSEND = YES;
				ENABLE_TESTABILITY = YES;
				GCC_C_LANGUAGE_STANDARD = gnu11;
				GCC_DYNAMIC_NO_PIC = NO;
				GCC_NO_COMMON_BLOCKS = YES;
				GCC_OPTIMIZATION_LEVEL = 0;
				GCC_PREPROCESSOR_DEFINITIONS = (
					"DEBUG=1",
					"$(inherited)",
				);
				GCC_WARN_64_TO_32_BIT_CONVERSION = YES;
				GCC_WARN_ABOUT_RETURN_TYPE = YES_ERROR;
				GCC_WARN_UNDECLARED_SELECTOR = YES;
				GCC_WARN_UNINITIALIZED_AUTOS = YES_AGGRESSIVE;
				GCC_WARN_UNUSED_FUNCTION = YES;
				GCC_WARN_UNUSED_VARIABLE = YES;
				IPHONEOS_DEPLOYMENT_TARGET = 12.1;
				MTL_ENABLE_DEBUG_INFO = INCLUDE_SOURCE;
				MTL_FAST_MATH = YES;
				ONLY_ACTIVE_ARCH = YES;
				SDKROOT = iphoneos;
				SWIFT_ACTIVE_COMPILATION_CONDITIONS = DEBUG;
				SWIFT_OPTIMIZATION_LEVEL = "-Onone";
			};
			name = Bedague;
		};
		ADC50BD6225C8A5D002FE148 /* Bedague */ = {
			isa = XCBuildConfiguration;
			buildSettings = {
				ASSETCATALOG_COMPILER_APPICON_NAME = AppIcon;
				CODE_SIGN_STYLE = Automatic;
				DEVELOPMENT_TEAM = 277BZ5KBNM;
				INFOPLIST_FILE = TargetTest/Info.plist;
				LD_RUNPATH_SEARCH_PATHS = (
					"$(inherited)",
					"@executable_path/Frameworks",
				);
				PRODUCT_BUNDLE_IDENTIFIER = com.goot.TargetTest;
				PRODUCT_NAME = "$(TARGET_NAME)";
				ST_AppVersion = 1.0.0;
				ST_BuildVersion = 1;
				ST_BundleId = com.test.bedague;
				ST_BundleName = $CONFIGURATION;
				SWIFT_ACTIVE_COMPILATION_CONDITIONS = $CONFIGURATION;
				SWIFT_VERSION = 4.2;
				TARGETED_DEVICE_FAMILY = "1,2";
			};
			name = Bedague;
		};
		ADC50BDE225C8CC1002FE148 /* Milliet */ = {
			isa = XCBuildConfiguration;
			buildSettings = {
				ALWAYS_SEARCH_USER_PATHS = NO;
				CLANG_ANALYZER_NONNULL = YES;
				CLANG_ANALYZER_NUMBER_OBJECT_CONVERSION = YES_AGGRESSIVE;
				CLANG_CXX_LANGUAGE_STANDARD = "gnu++14";
				CLANG_CXX_LIBRARY = "libc++";
				CLANG_ENABLE_MODULES = YES;
				CLANG_ENABLE_OBJC_ARC = YES;
				CLANG_ENABLE_OBJC_WEAK = YES;
				CLANG_WARN_BLOCK_CAPTURE_AUTORELEASING = YES;
				CLANG_WARN_BOOL_CONVERSION = YES;
				CLANG_WARN_COMMA = YES;
				CLANG_WARN_CONSTANT_CONVERSION = YES;
				CLANG_WARN_DEPRECATED_OBJC_IMPLEMENTATIONS = YES;
				CLANG_WARN_DIRECT_OBJC_ISA_USAGE = YES_ERROR;
				CLANG_WARN_DOCUMENTATION_COMMENTS = YES;
				CLANG_WARN_EMPTY_BODY = YES;
				CLANG_WARN_ENUM_CONVERSION = YES;
				CLANG_WARN_INFINITE_RECURSION = YES;
				CLANG_WARN_INT_CONVERSION = YES;
				CLANG_WARN_NON_LITERAL_NULL_CONVERSION = YES;
				CLANG_WARN_OBJC_IMPLICIT_RETAIN_SELF = YES;
				CLANG_WARN_OBJC_LITERAL_CONVERSION = YES;
				CLANG_WARN_OBJC_ROOT_CLASS = YES_ERROR;
				CLANG_WARN_RANGE_LOOP_ANALYSIS = YES;
				CLANG_WARN_STRICT_PROTOTYPES = YES;
				CLANG_WARN_SUSPICIOUS_MOVE = YES;
				CLANG_WARN_UNGUARDED_AVAILABILITY = YES_AGGRESSIVE;
				CLANG_WARN_UNREACHABLE_CODE = YES;
				CLANG_WARN__DUPLICATE_METHOD_MATCH = YES;
				CODE_SIGN_IDENTITY = "iPhone Developer";
				COPY_PHASE_STRIP = NO;
				DEBUG_INFORMATION_FORMAT = dwarf;
				ENABLE_STRICT_OBJC_MSGSEND = YES;
				ENABLE_TESTABILITY = YES;
				GCC_C_LANGUAGE_STANDARD = gnu11;
				GCC_DYNAMIC_NO_PIC = NO;
				GCC_NO_COMMON_BLOCKS = YES;
				GCC_OPTIMIZATION_LEVEL = 0;
				GCC_PREPROCESSOR_DEFINITIONS = (
					"DEBUG=1",
					"$(inherited)",
				);
				GCC_WARN_64_TO_32_BIT_CONVERSION = YES;
				GCC_WARN_ABOUT_RETURN_TYPE = YES_ERROR;
				GCC_WARN_UNDECLARED_SELECTOR = YES;
				GCC_WARN_UNINITIALIZED_AUTOS = YES_AGGRESSIVE;
				GCC_WARN_UNUSED_FUNCTION = YES;
				GCC_WARN_UNUSED_VARIABLE = YES;
				IPHONEOS_DEPLOYMENT_TARGET = 12.1;
				MTL_ENABLE_DEBUG_INFO = INCLUDE_SOURCE;
				MTL_FAST_MATH = YES;
				ONLY_ACTIVE_ARCH = YES;
				SDKROOT = iphoneos;
				SWIFT_ACTIVE_COMPILATION_CONDITIONS = DEBUG;
				SWIFT_OPTIMIZATION_LEVEL = "-Onone";
			};
			name = Milliet;
		};
		ADC50BDF225C8CC1002FE148 /* Milliet */ = {
			isa = XCBuildConfiguration;
			buildSettings = {
				ASSETCATALOG_COMPILER_APPICON_NAME = AppIcon;
				CODE_SIGN_STYLE = Automatic;
				DEVELOPMENT_TEAM = 277BZ5KBNM;
				INFOPLIST_FILE = TargetTest/Info.plist;
				LD_RUNPATH_SEARCH_PATHS = (
					"$(inherited)",
					"@executable_path/Frameworks",
				);
				PRODUCT_BUNDLE_IDENTIFIER = com.goot.TargetTest;
				PRODUCT_NAME = "$(TARGET_NAME)";
				ST_AppVersion = 1.5.0;
				ST_BuildVersion = 2;
				ST_BundleId = com.test.milliet;
				ST_BundleName = $CONFIGURATION;
				SWIFT_ACTIVE_COMPILATION_CONDITIONS = $CONFIGURATION;
				SWIFT_VERSION = 4.2;
				TARGETED_DEVICE_FAMILY = "1,2";
			};
			name = Milliet;
		};
		ADC50BE8225CA481002FE148 /* Bistrocash */ = {
			isa = XCBuildConfiguration;
			buildSettings = {
				ALWAYS_SEARCH_USER_PATHS = NO;
				CLANG_ANALYZER_NONNULL = YES;
				CLANG_ANALYZER_NUMBER_OBJECT_CONVERSION = YES_AGGRESSIVE;
				CLANG_CXX_LANGUAGE_STANDARD = "gnu++14";
				CLANG_CXX_LIBRARY = "libc++";
				CLANG_ENABLE_MODULES = YES;
				CLANG_ENABLE_OBJC_ARC = YES;
				CLANG_ENABLE_OBJC_WEAK = YES;
				CLANG_WARN_BLOCK_CAPTURE_AUTORELEASING = YES;
				CLANG_WARN_BOOL_CONVERSION = YES;
				CLANG_WARN_COMMA = YES;
				CLANG_WARN_CONSTANT_CONVERSION = YES;
				CLANG_WARN_DEPRECATED_OBJC_IMPLEMENTATIONS = YES;
				CLANG_WARN_DIRECT_OBJC_ISA_USAGE = YES_ERROR;
				CLANG_WARN_DOCUMENTATION_COMMENTS = YES;
				CLANG_WARN_EMPTY_BODY = YES;
				CLANG_WARN_ENUM_CONVERSION = YES;
				CLANG_WARN_INFINITE_RECURSION = YES;
				CLANG_WARN_INT_CONVERSION = YES;
				CLANG_WARN_NON_LITERAL_NULL_CONVERSION = YES;
				CLANG_WARN_OBJC_IMPLICIT_RETAIN_SELF = YES;
				CLANG_WARN_OBJC_LITERAL_CONVERSION = YES;
				CLANG_WARN_OBJC_ROOT_CLASS = YES_ERROR;
				CLANG_WARN_RANGE_LOOP_ANALYSIS = YES;
				CLANG_WARN_STRICT_PROTOTYPES = YES;
				CLANG_WARN_SUSPICIOUS_MOVE = YES;
				CLANG_WARN_UNGUARDED_AVAILABILITY = YES_AGGRESSIVE;
				CLANG_WARN_UNREACHABLE_CODE = YES;
				CLANG_WARN__DUPLICATE_METHOD_MATCH = YES;
				CODE_SIGN_IDENTITY = "iPhone Developer";
				COPY_PHASE_STRIP = NO;
				DEBUG_INFORMATION_FORMAT = dwarf;
				ENABLE_STRICT_OBJC_MSGSEND = YES;
				ENABLE_TESTABILITY = YES;
				GCC_C_LANGUAGE_STANDARD = gnu11;
				GCC_DYNAMIC_NO_PIC = NO;
				GCC_NO_COMMON_BLOCKS = YES;
				GCC_OPTIMIZATION_LEVEL = 0;
				GCC_PREPROCESSOR_DEFINITIONS = (
					"DEBUG=1",
					"$(inherited)",
				);
				GCC_WARN_64_TO_32_BIT_CONVERSION = YES;
				GCC_WARN_ABOUT_RETURN_TYPE = YES_ERROR;
				GCC_WARN_UNDECLARED_SELECTOR = YES;
				GCC_WARN_UNINITIALIZED_AUTOS = YES_AGGRESSIVE;
				GCC_WARN_UNUSED_FUNCTION = YES;
				GCC_WARN_UNUSED_VARIABLE = YES;
				IPHONEOS_DEPLOYMENT_TARGET = 12.1;
				MTL_ENABLE_DEBUG_INFO = INCLUDE_SOURCE;
				MTL_FAST_MATH = YES;
				ONLY_ACTIVE_ARCH = YES;
				SDKROOT = iphoneos;
				SWIFT_ACTIVE_COMPILATION_CONDITIONS = DEBUG;
				SWIFT_OPTIMIZATION_LEVEL = "-Onone";
			};
			name = Bistrocash;
		};
		ADC50BE9225CA481002FE148 /* Bistrocash */ = {
			isa = XCBuildConfiguration;
			buildSettings = {
				ASSETCATALOG_COMPILER_APPICON_NAME = AppIcon;
				CODE_SIGN_STYLE = Automatic;
				DEVELOPMENT_TEAM = 277BZ5KBNM;
				INFOPLIST_FILE = TargetTest/Info.plist;
				LD_RUNPATH_SEARCH_PATHS = (
					"$(inherited)",
					"@executable_path/Frameworks",
				);
				PRODUCT_BUNDLE_IDENTIFIER = com.goot.TargetTest;
				PRODUCT_NAME = "$(TARGET_NAME)";
				ST_AppVersion = 1.0.0;
				ST_BuildVersion = 2;
				ST_BundleId = com.test.bistrocash;
				ST_BundleName = $CONFIGURATION;
				SWIFT_ACTIVE_COMPILATION_CONDITIONS = $CONFIGURATION;
				SWIFT_VERSION = 4.2;
				TARGETED_DEVICE_FAMILY = "1,2";
			};
			name = Bistrocash;
		};
/* End XCBuildConfiguration section */

/* Begin XCConfigurationList section */
		ADC50BBE225C8A5C002FE148 /* Build configuration list for PBXProject "TargetTest" */ = {
			isa = XCConfigurationList;
			buildConfigurations = (
				ADC50BD3225C8A5D002FE148 /* Bedague */,
				ADC50BDE225C8CC1002FE148 /* Milliet */,
				ADC50BE8225CA481002FE148 /* Bistrocash */,
			);
			defaultConfigurationIsVisible = 0;
			defaultConfigurationName = Bedague;
		};
		ADC50BD5225C8A5D002FE148 /* Build configuration list for PBXNativeTarget "TargetTest" */ = {
			isa = XCConfigurationList;
			buildConfigurations = (
				ADC50BD6225C8A5D002FE148 /* Bedague */,
				ADC50BDF225C8CC1002FE148 /* Milliet */,
				ADC50BE9225CA481002FE148 /* Bistrocash */,
			);
			defaultConfigurationIsVisible = 0;
			defaultConfigurationName = Bedague;
		};
/* End XCConfigurationList section */
	};
	rootObject = ADC50BBB225C8A5C002FE148 /* Project object */;
}
