// !$*UTF8*$!
{
	archiveVersion = 1;
	classes = {
	};
	objectVersion = 50;
	objects = {

/* Begin PBXBuildFile section */
		ADAC7D3A226265B4004F84DA /* HomeViewController-Proxi.swift in Sources */ = {isa = PBXBuildFile; fileRef = ADAC7CCD226265B3004F84DA /* HomeViewController-Proxi.swift */; };
		ADAC7D3B226265B4004F84DA /* HomeViewController-Pietrini.swift in Sources */ = {isa = PBXBuildFile; fileRef = ADAC7CCE226265B3004F84DA /* HomeViewController-Pietrini.swift */; };
		ADAC7D3C226265B4004F84DA /* HomeViewController-Bistrocash.swift in Sources */ = {isa = PBXBuildFile; fileRef = ADAC7CCF226265B3004F84DA /* HomeViewController-Bistrocash.swift */; };
		ADAC7D3D226265B4004F84DA /* HomeViewController-Forez.swift in Sources */ = {isa = PBXBuildFile; fileRef = ADAC7CD0226265B3004F84DA /* HomeViewController-Forez.swift */; };
		ADAC7D3E226265B4004F84DA /* HomeController-Proxy.swift in Sources */ = {isa = PBXBuildFile; fileRef = ADAC7CD1226265B3004F84DA /* HomeController-Proxy.swift */; };
		ADAC7D3F226265B4004F84DA /* HomeViewController-LEDG.swift in Sources */ = {isa = PBXBuildFile; fileRef = ADAC7CD2226265B3004F84DA /* HomeViewController-LEDG.swift */; };
		ADAC7D40226265B4004F84DA /* HomeViewController-Bedague.swift in Sources */ = {isa = PBXBuildFile; fileRef = ADAC7CD3226265B3004F84DA /* HomeViewController-Bedague.swift */; };
		ADAC7D41226265B4004F84DA /* HomeViewController-Ouest.swift in Sources */ = {isa = PBXBuildFile; fileRef = ADAC7CD4226265B3004F84DA /* HomeViewController-Ouest.swift */; };
		ADAC7D42226265B4004F84DA /* HomeViewController-Milliet.swift in Sources */ = {isa = PBXBuildFile; fileRef = ADAC7CD5226265B3004F84DA /* HomeViewController-Milliet.swift */; };
		ADAC7D43226265B4004F84DA /* HomeViewController-PNB.swift in Sources */ = {isa = PBXBuildFile; fileRef = ADAC7CD6226265B3004F84DA /* HomeViewController-PNB.swift */; };
		ADAC7D44226265B4004F84DA /* HomeViewController-Berthelot.swift in Sources */ = {isa = PBXBuildFile; fileRef = ADAC7CD7226265B3004F84DA /* HomeViewController-Berthelot.swift */; };
		ADAC7D45226265B4004F84DA /* HomeViewController-Rouquette.swift in Sources */ = {isa = PBXBuildFile; fileRef = ADAC7CD8226265B3004F84DA /* HomeViewController-Rouquette.swift */; };
		ADAC7D46226265B4004F84DA /* HomeViewController_Cambos.swift in Sources */ = {isa = PBXBuildFile; fileRef = ADAC7CDA226265B3004F84DA /* HomeViewController_Cambos.swift */; };
		ADAC7D47226265B4004F84DA /* HomeViewController_Prios.swift in Sources */ = {isa = PBXBuildFile; fileRef = ADAC7CDB226265B3004F84DA /* HomeViewController_Prios.swift */; };
		ADAC7D48226265B4004F84DA /* HomeViewController_ABL.swift in Sources */ = {isa = PBXBuildFile; fileRef = ADAC7CDC226265B3004F84DA /* HomeViewController_ABL.swift */; };
		ADAC7D49226265B4004F84DA /* HomeViewController_Odoo.swift in Sources */ = {isa = PBXBuildFile; fileRef = ADAC7CDD226265B3004F84DA /* HomeViewController_Odoo.swift */; };
		ADAC7D4A226265B4004F84DA /* HomeViewController_Serca.swift in Sources */ = {isa = PBXBuildFile; fileRef = ADAC7CDE226265B3004F84DA /* HomeViewController_Serca.swift */; };
		ADAC7D4B226265B4004F84DA /* Home.storyboard in Resources */ = {isa = PBXBuildFile; fileRef = ADAC7CE0226265B3004F84DA /* Home.storyboard */; };
		ADAC7D4C226265B4004F84DA /* HomeViewController.swift in Sources */ = {isa = PBXBuildFile; fileRef = ADAC7CE1226265B3004F84DA /* HomeViewController.swift */; };
		ADAC7D5F226265B4004F84DA /* HomeController-Bedague.swift in Sources */ = {isa = PBXBuildFile; fileRef = ADAC7CFD226265B3004F84DA /* HomeController-Bedague.swift */; };
		ADAC7D60226265B4004F84DA /* HomeController-Milliet.swift in Sources */ = {isa = PBXBuildFile; fileRef = ADAC7CFE226265B3004F84DA /* HomeController-Milliet.swift */; };
		ADAC7D61226265B4004F84DA /* HomeController-Ouest.swift in Sources */ = {isa = PBXBuildFile; fileRef = ADAC7CFF226265B3004F84DA /* HomeController-Ouest.swift */; };
		ADAC7D62226265B4004F84DA /* HomeController-Rouquette.swift in Sources */ = {isa = PBXBuildFile; fileRef = ADAC7D00226265B3004F84DA /* HomeController-Rouquette.swift */; };
		ADAC7D63226265B4004F84DA /* HomeController-Berthelot.swift in Sources */ = {isa = PBXBuildFile; fileRef = ADAC7D01226265B3004F84DA /* HomeController-Berthelot.swift */; };
		ADAC7D64226265B4004F84DA /* HomeController-Bistrocash.swift in Sources */ = {isa = PBXBuildFile; fileRef = ADAC7D02226265B3004F84DA /* HomeController-Bistrocash.swift */; };
		ADAC7D65226265B4004F84DA /* HomeController-Pietrini.swift in Sources */ = {isa = PBXBuildFile; fileRef = ADAC7D03226265B3004F84DA /* HomeController-Pietrini.swift */; };
		ADAC7D66226265B4004F84DA /* HomeController-LEDG.swift in Sources */ = {isa = PBXBuildFile; fileRef = ADAC7D04226265B3004F84DA /* HomeController-LEDG.swift */; };
		ADAC7D67226265B4004F84DA /* HomeController-Forez.swift in Sources */ = {isa = PBXBuildFile; fileRef = ADAC7D05226265B3004F84DA /* HomeController-Forez.swift */; };
		ADAC7D68226265B4004F84DA /* HomeController-Proxi.swift in Sources */ = {isa = PBXBuildFile; fileRef = ADAC7D06226265B3004F84DA /* HomeController-Proxi.swift */; };
		ADAC7D69226265B4004F84DA /* HomeController-PNB.swift in Sources */ = {isa = PBXBuildFile; fileRef = ADAC7D07226265B3004F84DA /* HomeController-PNB.swift */; };
		ADAC7D6A226265B4004F84DA /* HomeController_Odoo.swift in Sources */ = {isa = PBXBuildFile; fileRef = ADAC7D09226265B3004F84DA /* HomeController_Odoo.swift */; };
		ADAC7D6B226265B4004F84DA /* HomeController_Serca.swift in Sources */ = {isa = PBXBuildFile; fileRef = ADAC7D0A226265B3004F84DA /* HomeController_Serca.swift */; };
		ADAC7D6C226265B4004F84DA /* HomeController_Prios.swift in Sources */ = {isa = PBXBuildFile; fileRef = ADAC7D0B226265B3004F84DA /* HomeController_Prios.swift */; };
		ADAC7D6D226265B4004F84DA /* HomeController_Cambos.swift in Sources */ = {isa = PBXBuildFile; fileRef = ADAC7D0C226265B3004F84DA /* HomeController_Cambos.swift */; };
		ADAC7D6E226265B4004F84DA /* HomeController_ABL.swift in Sources */ = {isa = PBXBuildFile; fileRef = ADAC7D0D226265B3004F84DA /* HomeController_ABL.swift */; };
		ADAC7D6F226265B4004F84DA /* HomeController.swift in Sources */ = {isa = PBXBuildFile; fileRef = ADAC7D0E226265B3004F84DA /* HomeController.swift */; };
		ADAC7D81226265B4004F84DA /* CartModel-Ouest.swift in Sources */ = {isa = PBXBuildFile; fileRef = ADAC7D28226265B3004F84DA /* CartModel-Ouest.swift */; };
		ADAC7D82226265B4004F84DA /* CartModel-PNB.swift in Sources */ = {isa = PBXBuildFile; fileRef = ADAC7D29226265B3004F84DA /* CartModel-PNB.swift */; };
		ADAC7D83226265B4004F84DA /* CartModel-Milliet.swift in Sources */ = {isa = PBXBuildFile; fileRef = ADAC7D2A226265B3004F84DA /* CartModel-Milliet.swift */; };
		ADAC7D84226265B4004F84DA /* CartModel-LEDG.swift in Sources */ = {isa = PBXBuildFile; fileRef = ADAC7D2B226265B3004F84DA /* CartModel-LEDG.swift */; };
		ADAC7D85226265B4004F84DA /* CartModel-Proxi.swift in Sources */ = {isa = PBXBuildFile; fileRef = ADAC7D2C226265B3004F84DA /* CartModel-Proxi.swift */; };
		ADAC7D86226265B4004F84DA /* CartModel-Bedague.swift in Sources */ = {isa = PBXBuildFile; fileRef = ADAC7D2D226265B3004F84DA /* CartModel-Bedague.swift */; };
		ADAC7D87226265B4004F84DA /* CartModel-Pietrini.swift in Sources */ = {isa = PBXBuildFile; fileRef = ADAC7D2E226265B3004F84DA /* CartModel-Pietrini.swift */; };
		ADAC7D88226265B4004F84DA /* CartModel-Bistrocash.swift in Sources */ = {isa = PBXBuildFile; fileRef = ADAC7D2F226265B3004F84DA /* CartModel-Bistrocash.swift */; };
		ADAC7D89226265B4004F84DA /* CartModel-Rouquette.swift in Sources */ = {isa = PBXBuildFile; fileRef = ADAC7D30226265B3004F84DA /* CartModel-Rouquette.swift */; };
		ADAC7D8A226265B4004F84DA /* CartModel-Forez.swift in Sources */ = {isa = PBXBuildFile; fileRef = ADAC7D31226265B3004F84DA /* CartModel-Forez.swift */; };
		ADAC7D8B226265B4004F84DA /* CartModel-Berthelot.swift in Sources */ = {isa = PBXBuildFile; fileRef = ADAC7D32226265B3004F84DA /* CartModel-Berthelot.swift */; };
		ADAC7D8C226265B4004F84DA /* CartModel_Prios.swift in Sources */ = {isa = PBXBuildFile; fileRef = ADAC7D34226265B3004F84DA /* CartModel_Prios.swift */; };
		ADAC7D8D226265B4004F84DA /* CartModel_Odoo.swift in Sources */ = {isa = PBXBuildFile; fileRef = ADAC7D35226265B3004F84DA /* CartModel_Odoo.swift */; };
		ADAC7D8E226265B4004F84DA /* CartModel_ABL.swift in Sources */ = {isa = PBXBuildFile; fileRef = ADAC7D36226265B3004F84DA /* CartModel_ABL.swift */; };
		ADAC7D8F226265B4004F84DA /* CartModel_Cambos.swift in Sources */ = {isa = PBXBuildFile; fileRef = ADAC7D37226265B3004F84DA /* CartModel_Cambos.swift */; };
		ADAC7D90226265B4004F84DA /* CartModel_Serca.swift in Sources */ = {isa = PBXBuildFile; fileRef = ADAC7D38226265B3004F84DA /* CartModel_Serca.swift */; };
		ADAC7D91226265B4004F84DA /* CartModel.swift in Sources */ = {isa = PBXBuildFile; fileRef = ADAC7D39226265B3004F84DA /* CartModel.swift */; };
		ADAC7DAB22634255004F84DA /* SplashController-Milliet.swift in Sources */ = {isa = PBXBuildFile; fileRef = ADAC7D9922634254004F84DA /* SplashController-Milliet.swift */; };
		ADAC7DAC22634255004F84DA /* SplashController-Proxi.swift in Sources */ = {isa = PBXBuildFile; fileRef = ADAC7D9A22634254004F84DA /* SplashController-Proxi.swift */; };
		ADAC7DAD22634255004F84DA /* SplashController-Berthelot.swift in Sources */ = {isa = PBXBuildFile; fileRef = ADAC7D9B22634254004F84DA /* SplashController-Berthelot.swift */; };
		ADAC7DAE22634255004F84DA /* SplashController-Rouquette.swift in Sources */ = {isa = PBXBuildFile; fileRef = ADAC7D9C22634254004F84DA /* SplashController-Rouquette.swift */; };
		ADAC7DAF22634255004F84DA /* SplashController-Bedague.swift in Sources */ = {isa = PBXBuildFile; fileRef = ADAC7D9D22634254004F84DA /* SplashController-Bedague.swift */; };
		ADAC7DB022634255004F84DA /* SplashController-Bistrocash.swift in Sources */ = {isa = PBXBuildFile; fileRef = ADAC7D9E22634254004F84DA /* SplashController-Bistrocash.swift */; };
		ADAC7DB122634255004F84DA /* SplashController-Pietrini.swift in Sources */ = {isa = PBXBuildFile; fileRef = ADAC7D9F22634254004F84DA /* SplashController-Pietrini.swift */; };
		ADAC7DB222634255004F84DA /* SplashController-Forez.swift in Sources */ = {isa = PBXBuildFile; fileRef = ADAC7DA022634254004F84DA /* SplashController-Forez.swift */; };
		ADAC7DB322634255004F84DA /* SplashController-Ouest.swift in Sources */ = {isa = PBXBuildFile; fileRef = ADAC7DA122634254004F84DA /* SplashController-Ouest.swift */; };
		ADAC7DB422634255004F84DA /* SplashController-LEDG.swift in Sources */ = {isa = PBXBuildFile; fileRef = ADAC7DA222634254004F84DA /* SplashController-LEDG.swift */; };
		ADAC7DB522634255004F84DA /* SplashController-PNB.swift in Sources */ = {isa = PBXBuildFile; fileRef = ADAC7DA322634254004F84DA /* SplashController-PNB.swift */; };
		ADAC7DB622634255004F84DA /* SplashController_Cambos.swift in Sources */ = {isa = PBXBuildFile; fileRef = ADAC7DA522634254004F84DA /* SplashController_Cambos.swift */; };
		ADAC7DB722634255004F84DA /* SplashController_Odoo.swift in Sources */ = {isa = PBXBuildFile; fileRef = ADAC7DA622634254004F84DA /* SplashController_Odoo.swift */; };
		ADAC7DB822634255004F84DA /* SplashController_Prios.swift in Sources */ = {isa = PBXBuildFile; fileRef = ADAC7DA722634254004F84DA /* SplashController_Prios.swift */; };
		ADAC7DB922634255004F84DA /* SplashController_Serca.swift in Sources */ = {isa = PBXBuildFile; fileRef = ADAC7DA822634254004F84DA /* SplashController_Serca.swift */; };
		ADAC7DBA22634255004F84DA /* SplashController_ABL.swift in Sources */ = {isa = PBXBuildFile; fileRef = ADAC7DA922634254004F84DA /* SplashController_ABL.swift */; };
		ADAC7DBB22634255004F84DA /* SplashController.swift in Sources */ = {isa = PBXBuildFile; fileRef = ADAC7DAA22634254004F84DA /* SplashController.swift */; };
		ADAC7DD322634266004F84DA /* SplashViewController-Forez.swift in Sources */ = {isa = PBXBuildFile; fileRef = ADAC7DBF22634266004F84DA /* SplashViewController-Forez.swift */; };
		ADAC7DD422634266004F84DA /* SplashViewController-Bistrocash.swift in Sources */ = {isa = PBXBuildFile; fileRef = ADAC7DC022634266004F84DA /* SplashViewController-Bistrocash.swift */; };
		ADAC7DD522634266004F84DA /* SplashViewController-Pietrini.swift in Sources */ = {isa = PBXBuildFile; fileRef = ADAC7DC122634266004F84DA /* SplashViewController-Pietrini.swift */; };
		ADAC7DD622634266004F84DA /* SplashViewController-Proxi.swift in Sources */ = {isa = PBXBuildFile; fileRef = ADAC7DC222634266004F84DA /* SplashViewController-Proxi.swift */; };
		ADAC7DD722634266004F84DA /* SplashViewController-PNB.swift in Sources */ = {isa = PBXBuildFile; fileRef = ADAC7DC322634266004F84DA /* SplashViewController-PNB.swift */; };
		ADAC7DD822634266004F84DA /* SplashViewController-LEDG.swift in Sources */ = {isa = PBXBuildFile; fileRef = ADAC7DC422634266004F84DA /* SplashViewController-LEDG.swift */; };
		ADAC7DD922634266004F84DA /* SplashViewController-Berthelot.swift in Sources */ = {isa = PBXBuildFile; fileRef = ADAC7DC522634266004F84DA /* SplashViewController-Berthelot.swift */; };
		ADAC7DDA22634266004F84DA /* SplashViewController-Milliet.swift in Sources */ = {isa = PBXBuildFile; fileRef = ADAC7DC622634266004F84DA /* SplashViewController-Milliet.swift */; };
		ADAC7DDB22634266004F84DA /* SplashViewController-Rouquette.swift in Sources */ = {isa = PBXBuildFile; fileRef = ADAC7DC722634266004F84DA /* SplashViewController-Rouquette.swift */; };
		ADAC7DDC22634266004F84DA /* SplashViewController-Ouest.swift in Sources */ = {isa = PBXBuildFile; fileRef = ADAC7DC822634266004F84DA /* SplashViewController-Ouest.swift */; };
		ADAC7DDD22634266004F84DA /* SplashViewController-Bedague.swift in Sources */ = {isa = PBXBuildFile; fileRef = ADAC7DC922634266004F84DA /* SplashViewController-Bedague.swift */; };
		ADAC7DDE22634266004F84DA /* SplashViewController_Odoo.swift in Sources */ = {isa = PBXBuildFile; fileRef = ADAC7DCB22634266004F84DA /* SplashViewController_Odoo.swift */; };
		ADAC7DDF22634266004F84DA /* SplashViewController_Cambos.swift in Sources */ = {isa = PBXBuildFile; fileRef = ADAC7DCC22634266004F84DA /* SplashViewController_Cambos.swift */; };
		ADAC7DE022634266004F84DA /* SplashViewController_ABL.swift in Sources */ = {isa = PBXBuildFile; fileRef = ADAC7DCD22634266004F84DA /* SplashViewController_ABL.swift */; };
		ADAC7DE122634266004F84DA /* SplashViewController_Serca.swift in Sources */ = {isa = PBXBuildFile; fileRef = ADAC7DCE22634266004F84DA /* SplashViewController_Serca.swift */; };
		ADAC7DE222634266004F84DA /* SplashViewController_Prios.swift in Sources */ = {isa = PBXBuildFile; fileRef = ADAC7DCF22634266004F84DA /* SplashViewController_Prios.swift */; };
		ADAC7DE322634266004F84DA /* Splash.storyboard in Resources */ = {isa = PBXBuildFile; fileRef = ADAC7DD122634266004F84DA /* Splash.storyboard */; };
		ADAC7DE422634266004F84DA /* SplashViewController.swift in Sources */ = {isa = PBXBuildFile; fileRef = ADAC7DD222634266004F84DA /* SplashViewController.swift */; };
		ADC50BC7225C8A5C002FE148 /* AppDelegate.swift in Sources */ = {isa = PBXBuildFile; fileRef = ADC50BC6225C8A5C002FE148 /* AppDelegate.swift */; };
		ADC50BCE225C8A5D002FE148 /* Assets.xcassets in Resources */ = {isa = PBXBuildFile; fileRef = ADC50BCD225C8A5D002FE148 /* Assets.xcassets */; };
		ADC50BD1225C8A5D002FE148 /* LaunchScreen.storyboard in Resources */ = {isa = PBXBuildFile; fileRef = ADC50BCF225C8A5D002FE148 /* LaunchScreen.storyboard */; };
		ADC50BEC225CAC64002FE148 /* ConfigurationManager.swift in Sources */ = {isa = PBXBuildFile; fileRef = ADC50BEB225CAC64002FE148 /* ConfigurationManager.swift */; };
/* End PBXBuildFile section */

/* Begin PBXBuildRule section */
		ADC50BDD225C8B88002FE148 /* PBXBuildRule */ = {
			isa = PBXBuildRule;
			compilerSpec = com.apple.compilers.proxy.script;
			filePatterns = "*_AB.swift";
			fileType = pattern.proxy;
			isEditable = 1;
			outputFiles = (
				"$(DERIVED_FILE_DIR)/$(INPUT_FILE_NAME)_skipped.swift",
			);
			script = "> \"$DERIVED_FILE_DIR/${INPUT_FILE_NAME}_skipped.swift\"\necho \"$CONFIGURATION\"\n";
		};
/* End PBXBuildRule section */

/* Begin PBXFileReference section */
		ADAC7CCD226265B3004F84DA /* HomeViewController-Proxi.swift */ = {isa = PBXFileReference; fileEncoding = 4; lastKnownFileType = sourcecode.swift; path = "HomeViewController-Proxi.swift"; sourceTree = "<group>"; };
		ADAC7CCE226265B3004F84DA /* HomeViewController-Pietrini.swift */ = {isa = PBXFileReference; fileEncoding = 4; lastKnownFileType = sourcecode.swift; path = "HomeViewController-Pietrini.swift"; sourceTree = "<group>"; };
		ADAC7CCF226265B3004F84DA /* HomeViewController-Bistrocash.swift */ = {isa = PBXFileReference; fileEncoding = 4; lastKnownFileType = sourcecode.swift; path = "HomeViewController-Bistrocash.swift"; sourceTree = "<group>"; };
		ADAC7CD0226265B3004F84DA /* HomeViewController-Forez.swift */ = {isa = PBXFileReference; fileEncoding = 4; lastKnownFileType = sourcecode.swift; path = "HomeViewController-Forez.swift"; sourceTree = "<group>"; };
		ADAC7CD1226265B3004F84DA /* HomeController-Proxy.swift */ = {isa = PBXFileReference; fileEncoding = 4; lastKnownFileType = sourcecode.swift; path = "HomeController-Proxy.swift"; sourceTree = "<group>"; };
		ADAC7CD2226265B3004F84DA /* HomeViewController-LEDG.swift */ = {isa = PBXFileReference; fileEncoding = 4; lastKnownFileType = sourcecode.swift; path = "HomeViewController-LEDG.swift"; sourceTree = "<group>"; };
		ADAC7CD3226265B3004F84DA /* HomeViewController-Bedague.swift */ = {isa = PBXFileReference; fileEncoding = 4; lastKnownFileType = sourcecode.swift; path = "HomeViewController-Bedague.swift"; sourceTree = "<group>"; };
		ADAC7CD4226265B3004F84DA /* HomeViewController-Ouest.swift */ = {isa = PBXFileReference; fileEncoding = 4; lastKnownFileType = sourcecode.swift; path = "HomeViewController-Ouest.swift"; sourceTree = "<group>"; };
		ADAC7CD5226265B3004F84DA /* HomeViewController-Milliet.swift */ = {isa = PBXFileReference; fileEncoding = 4; lastKnownFileType = sourcecode.swift; path = "HomeViewController-Milliet.swift"; sourceTree = "<group>"; };
		ADAC7CD6226265B3004F84DA /* HomeViewController-PNB.swift */ = {isa = PBXFileReference; fileEncoding = 4; lastKnownFileType = sourcecode.swift; path = "HomeViewController-PNB.swift"; sourceTree = "<group>"; };
		ADAC7CD7226265B3004F84DA /* HomeViewController-Berthelot.swift */ = {isa = PBXFileReference; fileEncoding = 4; lastKnownFileType = sourcecode.swift; path = "HomeViewController-Berthelot.swift"; sourceTree = "<group>"; };
		ADAC7CD8226265B3004F84DA /* HomeViewController-Rouquette.swift */ = {isa = PBXFileReference; fileEncoding = 4; lastKnownFileType = sourcecode.swift; path = "HomeViewController-Rouquette.swift"; sourceTree = "<group>"; };
		ADAC7CDA226265B3004F84DA /* HomeViewController_Cambos.swift */ = {isa = PBXFileReference; fileEncoding = 4; lastKnownFileType = sourcecode.swift; path = HomeViewController_Cambos.swift; sourceTree = "<group>"; };
		ADAC7CDB226265B3004F84DA /* HomeViewController_Prios.swift */ = {isa = PBXFileReference; fileEncoding = 4; lastKnownFileType = sourcecode.swift; path = HomeViewController_Prios.swift; sourceTree = "<group>"; };
		ADAC7CDC226265B3004F84DA /* HomeViewController_ABL.swift */ = {isa = PBXFileReference; fileEncoding = 4; lastKnownFileType = sourcecode.swift; path = HomeViewController_ABL.swift; sourceTree = "<group>"; };
		ADAC7CDD226265B3004F84DA /* HomeViewController_Odoo.swift */ = {isa = PBXFileReference; fileEncoding = 4; lastKnownFileType = sourcecode.swift; path = HomeViewController_Odoo.swift; sourceTree = "<group>"; };
		ADAC7CDE226265B3004F84DA /* HomeViewController_Serca.swift */ = {isa = PBXFileReference; fileEncoding = 4; lastKnownFileType = sourcecode.swift; path = HomeViewController_Serca.swift; sourceTree = "<group>"; };
		ADAC7CE0226265B3004F84DA /* Home.storyboard */ = {isa = PBXFileReference; fileEncoding = 4; lastKnownFileType = file.storyboard; path = Home.storyboard; sourceTree = "<group>"; };
		ADAC7CE1226265B3004F84DA /* HomeViewController.swift */ = {isa = PBXFileReference; fileEncoding = 4; lastKnownFileType = sourcecode.swift; path = HomeViewController.swift; sourceTree = "<group>"; };
		ADAC7CFD226265B3004F84DA /* HomeController-Bedague.swift */ = {isa = PBXFileReference; fileEncoding = 4; lastKnownFileType = sourcecode.swift; path = "HomeController-Bedague.swift"; sourceTree = "<group>"; };
		ADAC7CFE226265B3004F84DA /* HomeController-Milliet.swift */ = {isa = PBXFileReference; fileEncoding = 4; lastKnownFileType = sourcecode.swift; path = "HomeController-Milliet.swift"; sourceTree = "<group>"; };
		ADAC7CFF226265B3004F84DA /* HomeController-Ouest.swift */ = {isa = PBXFileReference; fileEncoding = 4; lastKnownFileType = sourcecode.swift; path = "HomeController-Ouest.swift"; sourceTree = "<group>"; };
		ADAC7D00226265B3004F84DA /* HomeController-Rouquette.swift */ = {isa = PBXFileReference; fileEncoding = 4; lastKnownFileType = sourcecode.swift; path = "HomeController-Rouquette.swift"; sourceTree = "<group>"; };
		ADAC7D01226265B3004F84DA /* HomeController-Berthelot.swift */ = {isa = PBXFileReference; fileEncoding = 4; lastKnownFileType = sourcecode.swift; path = "HomeController-Berthelot.swift"; sourceTree = "<group>"; };
		ADAC7D02226265B3004F84DA /* HomeController-Bistrocash.swift */ = {isa = PBXFileReference; fileEncoding = 4; lastKnownFileType = sourcecode.swift; path = "HomeController-Bistrocash.swift"; sourceTree = "<group>"; };
		ADAC7D03226265B3004F84DA /* HomeController-Pietrini.swift */ = {isa = PBXFileReference; fileEncoding = 4; lastKnownFileType = sourcecode.swift; path = "HomeController-Pietrini.swift"; sourceTree = "<group>"; };
		ADAC7D04226265B3004F84DA /* HomeController-LEDG.swift */ = {isa = PBXFileReference; fileEncoding = 4; lastKnownFileType = sourcecode.swift; path = "HomeController-LEDG.swift"; sourceTree = "<group>"; };
		ADAC7D05226265B3004F84DA /* HomeController-Forez.swift */ = {isa = PBXFileReference; fileEncoding = 4; lastKnownFileType = sourcecode.swift; path = "HomeController-Forez.swift"; sourceTree = "<group>"; };
		ADAC7D06226265B3004F84DA /* HomeController-Proxi.swift */ = {isa = PBXFileReference; fileEncoding = 4; lastKnownFileType = sourcecode.swift; path = "HomeController-Proxi.swift"; sourceTree = "<group>"; };
		ADAC7D07226265B3004F84DA /* HomeController-PNB.swift */ = {isa = PBXFileReference; fileEncoding = 4; lastKnownFileType = sourcecode.swift; path = "HomeController-PNB.swift"; sourceTree = "<group>"; };
		ADAC7D09226265B3004F84DA /* HomeController_Odoo.swift */ = {isa = PBXFileReference; fileEncoding = 4; lastKnownFileType = sourcecode.swift; path = HomeController_Odoo.swift; sourceTree = "<group>"; };
		ADAC7D0A226265B3004F84DA /* HomeController_Serca.swift */ = {isa = PBXFileReference; fileEncoding = 4; lastKnownFileType = sourcecode.swift; path = HomeController_Serca.swift; sourceTree = "<group>"; };
		ADAC7D0B226265B3004F84DA /* HomeController_Prios.swift */ = {isa = PBXFileReference; fileEncoding = 4; lastKnownFileType = sourcecode.swift; path = HomeController_Prios.swift; sourceTree = "<group>"; };
		ADAC7D0C226265B3004F84DA /* HomeController_Cambos.swift */ = {isa = PBXFileReference; fileEncoding = 4; lastKnownFileType = sourcecode.swift; path = HomeController_Cambos.swift; sourceTree = "<group>"; };
		ADAC7D0D226265B3004F84DA /* HomeController_ABL.swift */ = {isa = PBXFileReference; fileEncoding = 4; lastKnownFileType = sourcecode.swift; path = HomeController_ABL.swift; sourceTree = "<group>"; };
		ADAC7D0E226265B3004F84DA /* HomeController.swift */ = {isa = PBXFileReference; fileEncoding = 4; lastKnownFileType = sourcecode.swift; path = HomeController.swift; sourceTree = "<group>"; };
		ADAC7D28226265B3004F84DA /* CartModel-Ouest.swift */ = {isa = PBXFileReference; fileEncoding = 4; lastKnownFileType = sourcecode.swift; path = "CartModel-Ouest.swift"; sourceTree = "<group>"; };
		ADAC7D29226265B3004F84DA /* CartModel-PNB.swift */ = {isa = PBXFileReference; fileEncoding = 4; lastKnownFileType = sourcecode.swift; path = "CartModel-PNB.swift"; sourceTree = "<group>"; };
		ADAC7D2A226265B3004F84DA /* CartModel-Milliet.swift */ = {isa = PBXFileReference; fileEncoding = 4; lastKnownFileType = sourcecode.swift; path = "CartModel-Milliet.swift"; sourceTree = "<group>"; };
		ADAC7D2B226265B3004F84DA /* CartModel-LEDG.swift */ = {isa = PBXFileReference; fileEncoding = 4; lastKnownFileType = sourcecode.swift; path = "CartModel-LEDG.swift"; sourceTree = "<group>"; };
		ADAC7D2C226265B3004F84DA /* CartModel-Proxi.swift */ = {isa = PBXFileReference; fileEncoding = 4; lastKnownFileType = sourcecode.swift; path = "CartModel-Proxi.swift"; sourceTree = "<group>"; };
		ADAC7D2D226265B3004F84DA /* CartModel-Bedague.swift */ = {isa = PBXFileReference; fileEncoding = 4; lastKnownFileType = sourcecode.swift; path = "CartModel-Bedague.swift"; sourceTree = "<group>"; };
		ADAC7D2E226265B3004F84DA /* CartModel-Pietrini.swift */ = {isa = PBXFileReference; fileEncoding = 4; lastKnownFileType = sourcecode.swift; path = "CartModel-Pietrini.swift"; sourceTree = "<group>"; };
		ADAC7D2F226265B3004F84DA /* CartModel-Bistrocash.swift */ = {isa = PBXFileReference; fileEncoding = 4; lastKnownFileType = sourcecode.swift; path = "CartModel-Bistrocash.swift"; sourceTree = "<group>"; };
		ADAC7D30226265B3004F84DA /* CartModel-Rouquette.swift */ = {isa = PBXFileReference; fileEncoding = 4; lastKnownFileType = sourcecode.swift; path = "CartModel-Rouquette.swift"; sourceTree = "<group>"; };
		ADAC7D31226265B3004F84DA /* CartModel-Forez.swift */ = {isa = PBXFileReference; fileEncoding = 4; lastKnownFileType = sourcecode.swift; path = "CartModel-Forez.swift"; sourceTree = "<group>"; };
		ADAC7D32226265B3004F84DA /* CartModel-Berthelot.swift */ = {isa = PBXFileReference; fileEncoding = 4; lastKnownFileType = sourcecode.swift; path = "CartModel-Berthelot.swift"; sourceTree = "<group>"; };
		ADAC7D34226265B3004F84DA /* CartModel_Prios.swift */ = {isa = PBXFileReference; fileEncoding = 4; lastKnownFileType = sourcecode.swift; path = CartModel_Prios.swift; sourceTree = "<group>"; };
		ADAC7D35226265B3004F84DA /* CartModel_Odoo.swift */ = {isa = PBXFileReference; fileEncoding = 4; lastKnownFileType = sourcecode.swift; path = CartModel_Odoo.swift; sourceTree = "<group>"; };
		ADAC7D36226265B3004F84DA /* CartModel_ABL.swift */ = {isa = PBXFileReference; fileEncoding = 4; lastKnownFileType = sourcecode.swift; path = CartModel_ABL.swift; sourceTree = "<group>"; };
		ADAC7D37226265B3004F84DA /* CartModel_Cambos.swift */ = {isa = PBXFileReference; fileEncoding = 4; lastKnownFileType = sourcecode.swift; path = CartModel_Cambos.swift; sourceTree = "<group>"; };
		ADAC7D38226265B3004F84DA /* CartModel_Serca.swift */ = {isa = PBXFileReference; fileEncoding = 4; lastKnownFileType = sourcecode.swift; path = CartModel_Serca.swift; sourceTree = "<group>"; };
		ADAC7D39226265B3004F84DA /* CartModel.swift */ = {isa = PBXFileReference; fileEncoding = 4; lastKnownFileType = sourcecode.swift; path = CartModel.swift; sourceTree = "<group>"; };
		ADAC7D9922634254004F84DA /* SplashController-Milliet.swift */ = {isa = PBXFileReference; fileEncoding = 4; lastKnownFileType = sourcecode.swift; path = "SplashController-Milliet.swift"; sourceTree = "<group>"; };
		ADAC7D9A22634254004F84DA /* SplashController-Proxi.swift */ = {isa = PBXFileReference; fileEncoding = 4; lastKnownFileType = sourcecode.swift; path = "SplashController-Proxi.swift"; sourceTree = "<group>"; };
		ADAC7D9B22634254004F84DA /* SplashController-Berthelot.swift */ = {isa = PBXFileReference; fileEncoding = 4; lastKnownFileType = sourcecode.swift; path = "SplashController-Berthelot.swift"; sourceTree = "<group>"; };
		ADAC7D9C22634254004F84DA /* SplashController-Rouquette.swift */ = {isa = PBXFileReference; fileEncoding = 4; lastKnownFileType = sourcecode.swift; path = "SplashController-Rouquette.swift"; sourceTree = "<group>"; };
		ADAC7D9D22634254004F84DA /* SplashController-Bedague.swift */ = {isa = PBXFileReference; fileEncoding = 4; lastKnownFileType = sourcecode.swift; path = "SplashController-Bedague.swift"; sourceTree = "<group>"; };
		ADAC7D9E22634254004F84DA /* SplashController-Bistrocash.swift */ = {isa = PBXFileReference; fileEncoding = 4; lastKnownFileType = sourcecode.swift; path = "SplashController-Bistrocash.swift"; sourceTree = "<group>"; };
		ADAC7D9F22634254004F84DA /* SplashController-Pietrini.swift */ = {isa = PBXFileReference; fileEncoding = 4; lastKnownFileType = sourcecode.swift; path = "SplashController-Pietrini.swift"; sourceTree = "<group>"; };
		ADAC7DA022634254004F84DA /* SplashController-Forez.swift */ = {isa = PBXFileReference; fileEncoding = 4; lastKnownFileType = sourcecode.swift; path = "SplashController-Forez.swift"; sourceTree = "<group>"; };
		ADAC7DA122634254004F84DA /* SplashController-Ouest.swift */ = {isa = PBXFileReference; fileEncoding = 4; lastKnownFileType = sourcecode.swift; path = "SplashController-Ouest.swift"; sourceTree = "<group>"; };
		ADAC7DA222634254004F84DA /* SplashController-LEDG.swift */ = {isa = PBXFileReference; fileEncoding = 4; lastKnownFileType = sourcecode.swift; path = "SplashController-LEDG.swift"; sourceTree = "<group>"; };
		ADAC7DA322634254004F84DA /* SplashController-PNB.swift */ = {isa = PBXFileReference; fileEncoding = 4; lastKnownFileType = sourcecode.swift; path = "SplashController-PNB.swift"; sourceTree = "<group>"; };
		ADAC7DA522634254004F84DA /* SplashController_Cambos.swift */ = {isa = PBXFileReference; fileEncoding = 4; lastKnownFileType = sourcecode.swift; path = SplashController_Cambos.swift; sourceTree = "<group>"; };
		ADAC7DA622634254004F84DA /* SplashController_Odoo.swift */ = {isa = PBXFileReference; fileEncoding = 4; lastKnownFileType = sourcecode.swift; path = SplashController_Odoo.swift; sourceTree = "<group>"; };
		ADAC7DA722634254004F84DA /* SplashController_Prios.swift */ = {isa = PBXFileReference; fileEncoding = 4; lastKnownFileType = sourcecode.swift; path = SplashController_Prios.swift; sourceTree = "<group>"; };
		ADAC7DA822634254004F84DA /* SplashController_Serca.swift */ = {isa = PBXFileReference; fileEncoding = 4; lastKnownFileType = sourcecode.swift; path = SplashController_Serca.swift; sourceTree = "<group>"; };
		ADAC7DA922634254004F84DA /* SplashController_ABL.swift */ = {isa = PBXFileReference; fileEncoding = 4; lastKnownFileType = sourcecode.swift; path = SplashController_ABL.swift; sourceTree = "<group>"; };
		ADAC7DAA22634254004F84DA /* SplashController.swift */ = {isa = PBXFileReference; fileEncoding = 4; lastKnownFileType = sourcecode.swift; path = SplashController.swift; sourceTree = "<group>"; };
		ADAC7DBF22634266004F84DA /* SplashViewController-Forez.swift */ = {isa = PBXFileReference; fileEncoding = 4; lastKnownFileType = sourcecode.swift; path = "SplashViewController-Forez.swift"; sourceTree = "<group>"; };
		ADAC7DC022634266004F84DA /* SplashViewController-Bistrocash.swift */ = {isa = PBXFileReference; fileEncoding = 4; lastKnownFileType = sourcecode.swift; path = "SplashViewController-Bistrocash.swift"; sourceTree = "<group>"; };
		ADAC7DC122634266004F84DA /* SplashViewController-Pietrini.swift */ = {isa = PBXFileReference; fileEncoding = 4; lastKnownFileType = sourcecode.swift; path = "SplashViewController-Pietrini.swift"; sourceTree = "<group>"; };
		ADAC7DC222634266004F84DA /* SplashViewController-Proxi.swift */ = {isa = PBXFileReference; fileEncoding = 4; lastKnownFileType = sourcecode.swift; path = "SplashViewController-Proxi.swift"; sourceTree = "<group>"; };
		ADAC7DC322634266004F84DA /* SplashViewController-PNB.swift */ = {isa = PBXFileReference; fileEncoding = 4; lastKnownFileType = sourcecode.swift; path = "SplashViewController-PNB.swift"; sourceTree = "<group>"; };
		ADAC7DC422634266004F84DA /* SplashViewController-LEDG.swift */ = {isa = PBXFileReference; fileEncoding = 4; lastKnownFileType = sourcecode.swift; path = "SplashViewController-LEDG.swift"; sourceTree = "<group>"; };
		ADAC7DC522634266004F84DA /* SplashViewController-Berthelot.swift */ = {isa = PBXFileReference; fileEncoding = 4; lastKnownFileType = sourcecode.swift; path = "SplashViewController-Berthelot.swift"; sourceTree = "<group>"; };
		ADAC7DC622634266004F84DA /* SplashViewController-Milliet.swift */ = {isa = PBXFileReference; fileEncoding = 4; lastKnownFileType = sourcecode.swift; path = "SplashViewController-Milliet.swift"; sourceTree = "<group>"; };
		ADAC7DC722634266004F84DA /* SplashViewController-Rouquette.swift */ = {isa = PBXFileReference; fileEncoding = 4; lastKnownFileType = sourcecode.swift; path = "SplashViewController-Rouquette.swift"; sourceTree = "<group>"; };
		ADAC7DC822634266004F84DA /* SplashViewController-Ouest.swift */ = {isa = PBXFileReference; fileEncoding = 4; lastKnownFileType = sourcecode.swift; path = "SplashViewController-Ouest.swift"; sourceTree = "<group>"; };
		ADAC7DC922634266004F84DA /* SplashViewController-Bedague.swift */ = {isa = PBXFileReference; fileEncoding = 4; lastKnownFileType = sourcecode.swift; path = "SplashViewController-Bedague.swift"; sourceTree = "<group>"; };
		ADAC7DCB22634266004F84DA /* SplashViewController_Odoo.swift */ = {isa = PBXFileReference; fileEncoding = 4; lastKnownFileType = sourcecode.swift; path = SplashViewController_Odoo.swift; sourceTree = "<group>"; };
		ADAC7DCC22634266004F84DA /* SplashViewController_Cambos.swift */ = {isa = PBXFileReference; fileEncoding = 4; lastKnownFileType = sourcecode.swift; path = SplashViewController_Cambos.swift; sourceTree = "<group>"; };
		ADAC7DCD22634266004F84DA /* SplashViewController_ABL.swift */ = {isa = PBXFileReference; fileEncoding = 4; lastKnownFileType = sourcecode.swift; path = SplashViewController_ABL.swift; sourceTree = "<group>"; };
		ADAC7DCE22634266004F84DA /* SplashViewController_Serca.swift */ = {isa = PBXFileReference; fileEncoding = 4; lastKnownFileType = sourcecode.swift; path = SplashViewController_Serca.swift; sourceTree = "<group>"; };
		ADAC7DCF22634266004F84DA /* SplashViewController_Prios.swift */ = {isa = PBXFileReference; fileEncoding = 4; lastKnownFileType = sourcecode.swift; path = SplashViewController_Prios.swift; sourceTree = "<group>"; };
		ADAC7DD122634266004F84DA /* Splash.storyboard */ = {isa = PBXFileReference; fileEncoding = 4; lastKnownFileType = file.storyboard; path = Splash.storyboard; sourceTree = "<group>"; };
		ADAC7DD222634266004F84DA /* SplashViewController.swift */ = {isa = PBXFileReference; fileEncoding = 4; lastKnownFileType = sourcecode.swift; path = SplashViewController.swift; sourceTree = "<group>"; };
		ADC50BC3225C8A5C002FE148 /* TargetTest.app */ = {isa = PBXFileReference; explicitFileType = wrapper.application; includeInIndex = 0; path = TargetTest.app; sourceTree = BUILT_PRODUCTS_DIR; };
		ADC50BC6225C8A5C002FE148 /* AppDelegate.swift */ = {isa = PBXFileReference; lastKnownFileType = sourcecode.swift; path = AppDelegate.swift; sourceTree = "<group>"; };
		ADC50BCD225C8A5D002FE148 /* Assets.xcassets */ = {isa = PBXFileReference; lastKnownFileType = folder.assetcatalog; path = Assets.xcassets; sourceTree = "<group>"; };
		ADC50BD0225C8A5D002FE148 /* Base */ = {isa = PBXFileReference; lastKnownFileType = file.storyboard; name = Base; path = Base.lproj/LaunchScreen.storyboard; sourceTree = "<group>"; };
		ADC50BD2225C8A5D002FE148 /* Info.plist */ = {isa = PBXFileReference; lastKnownFileType = text.plist.xml; path = Info.plist; sourceTree = "<group>"; };
		ADC50BEB225CAC64002FE148 /* ConfigurationManager.swift */ = {isa = PBXFileReference; lastKnownFileType = sourcecode.swift; path = ConfigurationManager.swift; sourceTree = "<group>"; };
		ADC6323D225D2BF90035F725 /* checkProjectTemplate.sh */ = {isa = PBXFileReference; lastKnownFileType = text.script.sh; name = checkProjectTemplate.sh; path = "build-phase/checkProjectTemplate.sh"; sourceTree = "<group>"; };
		ADC632C3225E18210035F725 /* README.md */ = {isa = PBXFileReference; lastKnownFileType = net.daringfireball.markdown; path = README.md; sourceTree = SOURCE_ROOT; };
/* End PBXFileReference section */

/* Begin PBXFrameworksBuildPhase section */
		ADC50BC0225C8A5C002FE148 /* Frameworks */ = {
			isa = PBXFrameworksBuildPhase;
			buildActionMask = 2147483647;
			files = (
			);
			runOnlyForDeploymentPostprocessing = 0;
		};
/* End PBXFrameworksBuildPhase section */

/* Begin PBXGroup section */
		ADAC7CC9226265B3004F84DA /* Views */ = {
			isa = PBXGroup;
			children = (
				ADAC7DBC22634266004F84DA /* Splash */,
				ADAC7CCA226265B3004F84DA /* Home */,
			);
			path = Views;
			sourceTree = "<group>";
		};
		ADAC7CCA226265B3004F84DA /* Home */ = {
			isa = PBXGroup;
			children = (
				ADAC7CCB226265B3004F84DA /* Overrides */,
				ADAC7CDF226265B3004F84DA /* Storyboards */,
				ADAC7CE1226265B3004F84DA /* HomeViewController.swift */,
			);
			path = Home;
			sourceTree = "<group>";
		};
		ADAC7CCB226265B3004F84DA /* Overrides */ = {
			isa = PBXGroup;
			children = (
				ADAC7CCC226265B3004F84DA /* App */,
				ADAC7CD9226265B3004F84DA /* ERP */,
			);
			path = Overrides;
			sourceTree = "<group>";
		};
		ADAC7CCC226265B3004F84DA /* App */ = {
			isa = PBXGroup;
			children = (
				ADAC7CCD226265B3004F84DA /* HomeViewController-Proxi.swift */,
				ADAC7CCE226265B3004F84DA /* HomeViewController-Pietrini.swift */,
				ADAC7CCF226265B3004F84DA /* HomeViewController-Bistrocash.swift */,
				ADAC7CD0226265B3004F84DA /* HomeViewController-Forez.swift */,
				ADAC7CD1226265B3004F84DA /* HomeController-Proxy.swift */,
				ADAC7CD2226265B3004F84DA /* HomeViewController-LEDG.swift */,
				ADAC7CD3226265B3004F84DA /* HomeViewController-Bedague.swift */,
				ADAC7CD4226265B3004F84DA /* HomeViewController-Ouest.swift */,
				ADAC7CD5226265B3004F84DA /* HomeViewController-Milliet.swift */,
				ADAC7CD6226265B3004F84DA /* HomeViewController-PNB.swift */,
				ADAC7CD7226265B3004F84DA /* HomeViewController-Berthelot.swift */,
				ADAC7CD8226265B3004F84DA /* HomeViewController-Rouquette.swift */,
			);
			path = App;
			sourceTree = "<group>";
		};
		ADAC7CD9226265B3004F84DA /* ERP */ = {
			isa = PBXGroup;
			children = (
				ADAC7CDA226265B3004F84DA /* HomeViewController_Cambos.swift */,
				ADAC7CDB226265B3004F84DA /* HomeViewController_Prios.swift */,
				ADAC7CDC226265B3004F84DA /* HomeViewController_ABL.swift */,
				ADAC7CDD226265B3004F84DA /* HomeViewController_Odoo.swift */,
				ADAC7CDE226265B3004F84DA /* HomeViewController_Serca.swift */,
			);
			path = ERP;
			sourceTree = "<group>";
		};
		ADAC7CDF226265B3004F84DA /* Storyboards */ = {
			isa = PBXGroup;
			children = (
				ADAC7CE0226265B3004F84DA /* Home.storyboard */,
			);
			path = Storyboards;
			sourceTree = "<group>";
		};
		ADAC7CF9226265B3004F84DA /* Controllers */ = {
			isa = PBXGroup;
			children = (
				ADAC7D9622634254004F84DA /* Splash */,
				ADAC7CFA226265B3004F84DA /* Home */,
			);
			path = Controllers;
			sourceTree = "<group>";
		};
		ADAC7CFA226265B3004F84DA /* Home */ = {
			isa = PBXGroup;
			children = (
				ADAC7D0E226265B3004F84DA /* HomeController.swift */,
				ADAC7CFB226265B3004F84DA /* Overrides */,
			);
			path = Home;
			sourceTree = "<group>";
		};
		ADAC7CFB226265B3004F84DA /* Overrides */ = {
			isa = PBXGroup;
			children = (
				ADAC7CFC226265B3004F84DA /* App */,
				ADAC7D08226265B3004F84DA /* ERP */,
			);
			path = Overrides;
			sourceTree = "<group>";
		};
		ADAC7CFC226265B3004F84DA /* App */ = {
			isa = PBXGroup;
			children = (
				ADAC7CFD226265B3004F84DA /* HomeController-Bedague.swift */,
				ADAC7CFE226265B3004F84DA /* HomeController-Milliet.swift */,
				ADAC7CFF226265B3004F84DA /* HomeController-Ouest.swift */,
				ADAC7D00226265B3004F84DA /* HomeController-Rouquette.swift */,
				ADAC7D01226265B3004F84DA /* HomeController-Berthelot.swift */,
				ADAC7D02226265B3004F84DA /* HomeController-Bistrocash.swift */,
				ADAC7D03226265B3004F84DA /* HomeController-Pietrini.swift */,
				ADAC7D04226265B3004F84DA /* HomeController-LEDG.swift */,
				ADAC7D05226265B3004F84DA /* HomeController-Forez.swift */,
				ADAC7D06226265B3004F84DA /* HomeController-Proxi.swift */,
				ADAC7D07226265B3004F84DA /* HomeController-PNB.swift */,
			);
			path = App;
			sourceTree = "<group>";
		};
		ADAC7D08226265B3004F84DA /* ERP */ = {
			isa = PBXGroup;
			children = (
				ADAC7D09226265B3004F84DA /* HomeController_Odoo.swift */,
				ADAC7D0A226265B3004F84DA /* HomeController_Serca.swift */,
				ADAC7D0B226265B3004F84DA /* HomeController_Prios.swift */,
				ADAC7D0C226265B3004F84DA /* HomeController_Cambos.swift */,
				ADAC7D0D226265B3004F84DA /* HomeController_ABL.swift */,
			);
			path = ERP;
			sourceTree = "<group>";
		};
		ADAC7D24226265B3004F84DA /* Models */ = {
			isa = PBXGroup;
			children = (
				ADAC7D25226265B3004F84DA /* Cart */,
			);
			path = Models;
			sourceTree = "<group>";
		};
		ADAC7D25226265B3004F84DA /* Cart */ = {
			isa = PBXGroup;
			children = (
				ADAC7D39226265B3004F84DA /* CartModel.swift */,
				ADAC7D26226265B3004F84DA /* Overrides */,
			);
			path = Cart;
			sourceTree = "<group>";
		};
		ADAC7D26226265B3004F84DA /* Overrides */ = {
			isa = PBXGroup;
			children = (
				ADAC7D27226265B3004F84DA /* App */,
				ADAC7D33226265B3004F84DA /* ERP */,
			);
			path = Overrides;
			sourceTree = "<group>";
		};
		ADAC7D27226265B3004F84DA /* App */ = {
			isa = PBXGroup;
			children = (
				ADAC7D28226265B3004F84DA /* CartModel-Ouest.swift */,
				ADAC7D29226265B3004F84DA /* CartModel-PNB.swift */,
				ADAC7D2A226265B3004F84DA /* CartModel-Milliet.swift */,
				ADAC7D2B226265B3004F84DA /* CartModel-LEDG.swift */,
				ADAC7D2C226265B3004F84DA /* CartModel-Proxi.swift */,
				ADAC7D2D226265B3004F84DA /* CartModel-Bedague.swift */,
				ADAC7D2E226265B3004F84DA /* CartModel-Pietrini.swift */,
				ADAC7D2F226265B3004F84DA /* CartModel-Bistrocash.swift */,
				ADAC7D30226265B3004F84DA /* CartModel-Rouquette.swift */,
				ADAC7D31226265B3004F84DA /* CartModel-Forez.swift */,
				ADAC7D32226265B3004F84DA /* CartModel-Berthelot.swift */,
			);
			path = App;
			sourceTree = "<group>";
		};
		ADAC7D33226265B3004F84DA /* ERP */ = {
			isa = PBXGroup;
			children = (
				ADAC7D34226265B3004F84DA /* CartModel_Prios.swift */,
				ADAC7D35226265B3004F84DA /* CartModel_Odoo.swift */,
				ADAC7D36226265B3004F84DA /* CartModel_ABL.swift */,
				ADAC7D37226265B3004F84DA /* CartModel_Cambos.swift */,
				ADAC7D38226265B3004F84DA /* CartModel_Serca.swift */,
			);
			path = ERP;
			sourceTree = "<group>";
		};
		ADAC7D9622634254004F84DA /* Splash */ = {
			isa = PBXGroup;
			children = (
				ADAC7D9722634254004F84DA /* Overrides */,
				ADAC7DAA22634254004F84DA /* SplashController.swift */,
			);
			path = Splash;
			sourceTree = "<group>";
		};
		ADAC7D9722634254004F84DA /* Overrides */ = {
			isa = PBXGroup;
			children = (
				ADAC7D9822634254004F84DA /* App */,
				ADAC7DA422634254004F84DA /* ERP */,
			);
			path = Overrides;
			sourceTree = "<group>";
		};
		ADAC7D9822634254004F84DA /* App */ = {
			isa = PBXGroup;
			children = (
				ADAC7D9922634254004F84DA /* SplashController-Milliet.swift */,
				ADAC7D9A22634254004F84DA /* SplashController-Proxi.swift */,
				ADAC7D9B22634254004F84DA /* SplashController-Berthelot.swift */,
				ADAC7D9C22634254004F84DA /* SplashController-Rouquette.swift */,
				ADAC7D9D22634254004F84DA /* SplashController-Bedague.swift */,
				ADAC7D9E22634254004F84DA /* SplashController-Bistrocash.swift */,
				ADAC7D9F22634254004F84DA /* SplashController-Pietrini.swift */,
				ADAC7DA022634254004F84DA /* SplashController-Forez.swift */,
				ADAC7DA122634254004F84DA /* SplashController-Ouest.swift */,
				ADAC7DA222634254004F84DA /* SplashController-LEDG.swift */,
				ADAC7DA322634254004F84DA /* SplashController-PNB.swift */,
			);
			path = App;
			sourceTree = "<group>";
		};
		ADAC7DA422634254004F84DA /* ERP */ = {
			isa = PBXGroup;
			children = (
				ADAC7DA522634254004F84DA /* SplashController_Cambos.swift */,
				ADAC7DA622634254004F84DA /* SplashController_Odoo.swift */,
				ADAC7DA722634254004F84DA /* SplashController_Prios.swift */,
				ADAC7DA822634254004F84DA /* SplashController_Serca.swift */,
				ADAC7DA922634254004F84DA /* SplashController_ABL.swift */,
			);
			path = ERP;
			sourceTree = "<group>";
		};
		ADAC7DBC22634266004F84DA /* Splash */ = {
			isa = PBXGroup;
			children = (
				ADAC7DBD22634266004F84DA /* Overrides */,
				ADAC7DD022634266004F84DA /* Storyboards */,
				ADAC7DD222634266004F84DA /* SplashViewController.swift */,
			);
			path = Splash;
			sourceTree = "<group>";
		};
		ADAC7DBD22634266004F84DA /* Overrides */ = {
			isa = PBXGroup;
			children = (
				ADAC7DBE22634266004F84DA /* App */,
				ADAC7DCA22634266004F84DA /* ERP */,
			);
			path = Overrides;
			sourceTree = "<group>";
		};
		ADAC7DBE22634266004F84DA /* App */ = {
			isa = PBXGroup;
			children = (
				ADAC7DBF22634266004F84DA /* SplashViewController-Forez.swift */,
				ADAC7DC022634266004F84DA /* SplashViewController-Bistrocash.swift */,
				ADAC7DC122634266004F84DA /* SplashViewController-Pietrini.swift */,
				ADAC7DC222634266004F84DA /* SplashViewController-Proxi.swift */,
				ADAC7DC322634266004F84DA /* SplashViewController-PNB.swift */,
				ADAC7DC422634266004F84DA /* SplashViewController-LEDG.swift */,
				ADAC7DC522634266004F84DA /* SplashViewController-Berthelot.swift */,
				ADAC7DC622634266004F84DA /* SplashViewController-Milliet.swift */,
				ADAC7DC722634266004F84DA /* SplashViewController-Rouquette.swift */,
				ADAC7DC822634266004F84DA /* SplashViewController-Ouest.swift */,
				ADAC7DC922634266004F84DA /* SplashViewController-Bedague.swift */,
			);
			path = App;
			sourceTree = "<group>";
		};
		ADAC7DCA22634266004F84DA /* ERP */ = {
			isa = PBXGroup;
			children = (
				ADAC7DCB22634266004F84DA /* SplashViewController_Odoo.swift */,
				ADAC7DCC22634266004F84DA /* SplashViewController_Cambos.swift */,
				ADAC7DCD22634266004F84DA /* SplashViewController_ABL.swift */,
				ADAC7DCE22634266004F84DA /* SplashViewController_Serca.swift */,
				ADAC7DCF22634266004F84DA /* SplashViewController_Prios.swift */,
			);
			path = ERP;
			sourceTree = "<group>";
		};
		ADAC7DD022634266004F84DA /* Storyboards */ = {
			isa = PBXGroup;
			children = (
				ADAC7DD122634266004F84DA /* Splash.storyboard */,
			);
			path = Storyboards;
			sourceTree = "<group>";
		};
		ADC50BBA225C8A5C002FE148 = {
			isa = PBXGroup;
			children = (
				ADC632C3225E18210035F725 /* README.md */,
				ADC50BC5225C8A5C002FE148 /* TargetTest */,
				ADC50BC4225C8A5C002FE148 /* Products */,
			);
			sourceTree = "<group>";
		};
		ADC50BC4225C8A5C002FE148 /* Products */ = {
			isa = PBXGroup;
			children = (
				ADC50BC3225C8A5C002FE148 /* TargetTest.app */,
			);
			name = Products;
			sourceTree = "<group>";
		};
		ADC50BC5225C8A5C002FE148 /* TargetTest */ = {
			isa = PBXGroup;
			children = (
				ADC50BC6225C8A5C002FE148 /* AppDelegate.swift */,
				ADC50BEA225CAC35002FE148 /* Configuration Manager */,
				ADAC7CC9226265B3004F84DA /* Views */,
				ADAC7CF9226265B3004F84DA /* Controllers */,
				ADAC7D24226265B3004F84DA /* Models */,
				ADC50BCD225C8A5D002FE148 /* Assets.xcassets */,
				ADC50BCF225C8A5D002FE148 /* LaunchScreen.storyboard */,
				ADC50BD2225C8A5D002FE148 /* Info.plist */,
				ADC6323D225D2BF90035F725 /* checkProjectTemplate.sh */,
			);
			path = TargetTest;
			sourceTree = "<group>";
		};
		ADC50BEA225CAC35002FE148 /* Configuration Manager */ = {
			isa = PBXGroup;
			children = (
				ADC50BEB225CAC64002FE148 /* ConfigurationManager.swift */,
			);
			path = "Configuration Manager";
			sourceTree = "<group>";
		};
/* End PBXGroup section */

/* Begin PBXNativeTarget section */
		ADC50BC2225C8A5C002FE148 /* TargetTest */ = {
			isa = PBXNativeTarget;
			buildConfigurationList = ADC50BD5225C8A5D002FE148 /* Build configuration list for PBXNativeTarget "TargetTest" */;
			buildPhases = (
				ADC50BBF225C8A5C002FE148 /* Sources */,
				ADC50BC0225C8A5C002FE148 /* Frameworks */,
				ADC50BC1225C8A5C002FE148 /* Resources */,
				ADC6323C225D2A300035F725 /* ShellScript */,
			);
			buildRules = (
				ADC50BDD225C8B88002FE148 /* PBXBuildRule */,
			);
			dependencies = (
			);
			name = TargetTest;
			productName = TargetTest;
			productReference = ADC50BC3225C8A5C002FE148 /* TargetTest.app */;
			productType = "com.apple.product-type.application";
		};
/* End PBXNativeTarget section */

/* Begin PBXProject section */
		ADC50BBB225C8A5C002FE148 /* Project object */ = {
			isa = PBXProject;
			attributes = {
				LastSwiftUpdateCheck = 1010;
				LastUpgradeCheck = 1010;
				ORGANIZATIONNAME = "Alexandre Ménielle";
				TargetAttributes = {
					ADC50BC2225C8A5C002FE148 = {
						CreatedOnToolsVersion = 10.1;
					};
				};
			};
			buildConfigurationList = ADC50BBE225C8A5C002FE148 /* Build configuration list for PBXProject "TargetTest" */;
			compatibilityVersion = "Xcode 9.3";
			developmentRegion = en;
			hasScannedForEncodings = 0;
			knownRegions = (
				en,
				Base,
			);
			mainGroup = ADC50BBA225C8A5C002FE148;
			productRefGroup = ADC50BC4225C8A5C002FE148 /* Products */;
			projectDirPath = "";
			projectRoot = "";
			targets = (
				ADC50BC2225C8A5C002FE148 /* TargetTest */,
			);
		};
/* End PBXProject section */

/* Begin PBXResourcesBuildPhase section */
		ADC50BC1225C8A5C002FE148 /* Resources */ = {
			isa = PBXResourcesBuildPhase;
			buildActionMask = 2147483647;
			files = (
				ADAC7D4B226265B4004F84DA /* Home.storyboard in Resources */,
				ADC50BD1225C8A5D002FE148 /* LaunchScreen.storyboard in Resources */,
				ADC50BCE225C8A5D002FE148 /* Assets.xcassets in Resources */,
				ADAC7DE322634266004F84DA /* Splash.storyboard in Resources */,
			);
			runOnlyForDeploymentPostprocessing = 0;
		};
/* End PBXResourcesBuildPhase section */

/* Begin PBXShellScriptBuildPhase section */
		ADC6323C225D2A300035F725 /* ShellScript */ = {
			isa = PBXShellScriptBuildPhase;
			buildActionMask = 2147483647;
			files = (
			);
			inputFileListPaths = (
			);
			inputPaths = (
			);
			outputFileListPaths = (
			);
			outputPaths = (
			);
			runOnlyForDeploymentPostprocessing = 0;
			shellPath = /bin/sh;
			shellScript = "$SRCROOT/TargetTest/build-phase/checkProjectTemplate.sh\n";
		};
/* End PBXShellScriptBuildPhase section */

/* Begin PBXSourcesBuildPhase section */
		ADC50BBF225C8A5C002FE148 /* Sources */ = {
			isa = PBXSourcesBuildPhase;
			buildActionMask = 2147483647;
			files = (
				ADAC7D6A226265B4004F84DA /* HomeController_Odoo.swift in Sources */,
				ADAC7DD822634266004F84DA /* SplashViewController-LEDG.swift in Sources */,
				ADAC7D45226265B4004F84DA /* HomeViewController-Rouquette.swift in Sources */,
				ADAC7DB522634255004F84DA /* SplashController-PNB.swift in Sources */,
				ADAC7D46226265B4004F84DA /* HomeViewController_Cambos.swift in Sources */,
				ADAC7D8E226265B4004F84DA /* CartModel_ABL.swift in Sources */,
				ADAC7DDC22634266004F84DA /* SplashViewController-Ouest.swift in Sources */,
				ADAC7D5F226265B4004F84DA /* HomeController-Bedague.swift in Sources */,
				ADAC7D43226265B4004F84DA /* HomeViewController-PNB.swift in Sources */,
				ADAC7DB322634255004F84DA /* SplashController-Ouest.swift in Sources */,
				ADAC7DAE22634255004F84DA /* SplashController-Rouquette.swift in Sources */,
				ADAC7D68226265B4004F84DA /* HomeController-Proxi.swift in Sources */,
				ADAC7D41226265B4004F84DA /* HomeViewController-Ouest.swift in Sources */,
				ADAC7D83226265B4004F84DA /* CartModel-Milliet.swift in Sources */,
				ADAC7DE122634266004F84DA /* SplashViewController_Serca.swift in Sources */,
				ADAC7D4A226265B4004F84DA /* HomeViewController_Serca.swift in Sources */,
				ADAC7D40226265B4004F84DA /* HomeViewController-Bedague.swift in Sources */,
				ADAC7D3C226265B4004F84DA /* HomeViewController-Bistrocash.swift in Sources */,
				ADAC7DDD22634266004F84DA /* SplashViewController-Bedague.swift in Sources */,
				ADAC7DB422634255004F84DA /* SplashController-LEDG.swift in Sources */,
				ADAC7D42226265B4004F84DA /* HomeViewController-Milliet.swift in Sources */,
				ADAC7D64226265B4004F84DA /* HomeController-Bistrocash.swift in Sources */,
				ADAC7D44226265B4004F84DA /* HomeViewController-Berthelot.swift in Sources */,
				ADAC7DDF22634266004F84DA /* SplashViewController_Cambos.swift in Sources */,
				ADAC7DB722634255004F84DA /* SplashController_Odoo.swift in Sources */,
				ADAC7D49226265B4004F84DA /* HomeViewController_Odoo.swift in Sources */,
				ADAC7D3F226265B4004F84DA /* HomeViewController-LEDG.swift in Sources */,
				ADAC7D6D226265B4004F84DA /* HomeController_Cambos.swift in Sources */,
				ADAC7D88226265B4004F84DA /* CartModel-Bistrocash.swift in Sources */,
				ADAC7D3E226265B4004F84DA /* HomeController-Proxy.swift in Sources */,
				ADAC7D6C226265B4004F84DA /* HomeController_Prios.swift in Sources */,
				ADAC7DBA22634255004F84DA /* SplashController_ABL.swift in Sources */,
				ADC50BEC225CAC64002FE148 /* ConfigurationManager.swift in Sources */,
				ADAC7DAD22634255004F84DA /* SplashController-Berthelot.swift in Sources */,
				ADAC7DAB22634255004F84DA /* SplashController-Milliet.swift in Sources */,
				ADAC7D67226265B4004F84DA /* HomeController-Forez.swift in Sources */,
				ADAC7D62226265B4004F84DA /* HomeController-Rouquette.swift in Sources */,
				ADAC7DD722634266004F84DA /* SplashViewController-PNB.swift in Sources */,
				ADAC7D8A226265B4004F84DA /* CartModel-Forez.swift in Sources */,
				ADAC7D3D226265B4004F84DA /* HomeViewController-Forez.swift in Sources */,
				ADAC7D91226265B4004F84DA /* CartModel.swift in Sources */,
				ADAC7DDA22634266004F84DA /* SplashViewController-Milliet.swift in Sources */,
				ADAC7D63226265B4004F84DA /* HomeController-Berthelot.swift in Sources */,
				ADAC7DAF22634255004F84DA /* SplashController-Bedague.swift in Sources */,
				ADAC7DD622634266004F84DA /* SplashViewController-Proxi.swift in Sources */,
				ADC50BC7225C8A5C002FE148 /* AppDelegate.swift in Sources */,
				ADAC7DE022634266004F84DA /* SplashViewController_ABL.swift in Sources */,
				ADAC7DE222634266004F84DA /* SplashViewController_Prios.swift in Sources */,
				ADAC7D66226265B4004F84DA /* HomeController-LEDG.swift in Sources */,
				ADAC7D82226265B4004F84DA /* CartModel-PNB.swift in Sources */,
				ADAC7D6B226265B4004F84DA /* HomeController_Serca.swift in Sources */,
				ADAC7D60226265B4004F84DA /* HomeController-Milliet.swift in Sources */,
				ADAC7D87226265B4004F84DA /* CartModel-Pietrini.swift in Sources */,
				ADAC7DD522634266004F84DA /* SplashViewController-Pietrini.swift in Sources */,
				ADAC7DB922634255004F84DA /* SplashController_Serca.swift in Sources */,
				ADAC7D4C226265B4004F84DA /* HomeViewController.swift in Sources */,
				ADAC7D61226265B4004F84DA /* HomeController-Ouest.swift in Sources */,
				ADAC7DAC22634255004F84DA /* SplashController-Proxi.swift in Sources */,
				ADAC7D85226265B4004F84DA /* CartModel-Proxi.swift in Sources */,
				ADAC7DD322634266004F84DA /* SplashViewController-Forez.swift in Sources */,
				ADAC7DD922634266004F84DA /* SplashViewController-Berthelot.swift in Sources */,
				ADAC7D6E226265B4004F84DA /* HomeController_ABL.swift in Sources */,
				ADAC7D8C226265B4004F84DA /* CartModel_Prios.swift in Sources */,
				ADAC7D65226265B4004F84DA /* HomeController-Pietrini.swift in Sources */,
				ADAC7D8F226265B4004F84DA /* CartModel_Cambos.swift in Sources */,
				ADAC7D8B226265B4004F84DA /* CartModel-Berthelot.swift in Sources */,
				ADAC7D89226265B4004F84DA /* CartModel-Rouquette.swift in Sources */,
				ADAC7DDE22634266004F84DA /* SplashViewController_Odoo.swift in Sources */,
				ADAC7DBB22634255004F84DA /* SplashController.swift in Sources */,
				ADAC7D84226265B4004F84DA /* CartModel-LEDG.swift in Sources */,
				ADAC7D90226265B4004F84DA /* CartModel_Serca.swift in Sources */,
				ADAC7DB822634255004F84DA /* SplashController_Prios.swift in Sources */,
				ADAC7D8D226265B4004F84DA /* CartModel_Odoo.swift in Sources */,
				ADAC7D86226265B4004F84DA /* CartModel-Bedague.swift in Sources */,
				ADAC7D81226265B4004F84DA /* CartModel-Ouest.swift in Sources */,
				ADAC7DDB22634266004F84DA /* SplashViewController-Rouquette.swift in Sources */,
				ADAC7DB222634255004F84DA /* SplashController-Forez.swift in Sources */,
				ADAC7D47226265B4004F84DA /* HomeViewController_Prios.swift in Sources */,
				ADAC7D3A226265B4004F84DA /* HomeViewController-Proxi.swift in Sources */,
				ADAC7D48226265B4004F84DA /* HomeViewController_ABL.swift in Sources */,
				ADAC7D3B226265B4004F84DA /* HomeViewController-Pietrini.swift in Sources */,
				ADAC7D6F226265B4004F84DA /* HomeController.swift in Sources */,
				ADAC7DB022634255004F84DA /* SplashController-Bistrocash.swift in Sources */,
				ADAC7DB622634255004F84DA /* SplashController_Cambos.swift in Sources */,
				ADAC7D69226265B4004F84DA /* HomeController-PNB.swift in Sources */,
				ADAC7DD422634266004F84DA /* SplashViewController-Bistrocash.swift in Sources */,
				ADAC7DB122634255004F84DA /* SplashController-Pietrini.swift in Sources */,
				ADAC7DE422634266004F84DA /* SplashViewController.swift in Sources */,
			);
			runOnlyForDeploymentPostprocessing = 0;
		};
/* End PBXSourcesBuildPhase section */

/* Begin PBXVariantGroup section */
		ADC50BCF225C8A5D002FE148 /* LaunchScreen.storyboard */ = {
			isa = PBXVariantGroup;
			children = (
				ADC50BD0225C8A5D002FE148 /* Base */,
			);
			name = LaunchScreen.storyboard;
			sourceTree = "<group>";
		};
/* End PBXVariantGroup section */

/* Begin XCBuildConfiguration section */
		ADC50BD3225C8A5D002FE148 /* Bedague */ = {
			isa = XCBuildConfiguration;
			buildSettings = {
				ALWAYS_SEARCH_USER_PATHS = NO;
				CLANG_ANALYZER_NONNULL = YES;
				CLANG_ANALYZER_NUMBER_OBJECT_CONVERSION = YES_AGGRESSIVE;
				CLANG_CXX_LANGUAGE_STANDARD = "gnu++14";
				CLANG_CXX_LIBRARY = "libc++";
				CLANG_ENABLE_MODULES = YES;
				CLANG_ENABLE_OBJC_ARC = YES;
				CLANG_ENABLE_OBJC_WEAK = YES;
				CLANG_WARN_BLOCK_CAPTURE_AUTORELEASING = YES;
				CLANG_WARN_BOOL_CONVERSION = YES;
				CLANG_WARN_COMMA = YES;
				CLANG_WARN_CONSTANT_CONVERSION = YES;
				CLANG_WARN_DEPRECATED_OBJC_IMPLEMENTATIONS = YES;
				CLANG_WARN_DIRECT_OBJC_ISA_USAGE = YES_ERROR;
				CLANG_WARN_DOCUMENTATION_COMMENTS = YES;
				CLANG_WARN_EMPTY_BODY = YES;
				CLANG_WARN_ENUM_CONVERSION = YES;
				CLANG_WARN_INFINITE_RECURSION = YES;
				CLANG_WARN_INT_CONVERSION = YES;
				CLANG_WARN_NON_LITERAL_NULL_CONVERSION = YES;
				CLANG_WARN_OBJC_IMPLICIT_RETAIN_SELF = YES;
				CLANG_WARN_OBJC_LITERAL_CONVERSION = YES;
				CLANG_WARN_OBJC_ROOT_CLASS = YES_ERROR;
				CLANG_WARN_RANGE_LOOP_ANALYSIS = YES;
				CLANG_WARN_STRICT_PROTOTYPES = YES;
				CLANG_WARN_SUSPICIOUS_MOVE = YES;
				CLANG_WARN_UNGUARDED_AVAILABILITY = YES_AGGRESSIVE;
				CLANG_WARN_UNREACHABLE_CODE = YES;
				CLANG_WARN__DUPLICATE_METHOD_MATCH = YES;
				CODE_SIGN_IDENTITY = "iPhone Developer";
				COPY_PHASE_STRIP = NO;
				DEBUG_INFORMATION_FORMAT = dwarf;
				ENABLE_STRICT_OBJC_MSGSEND = YES;
				ENABLE_TESTABILITY = YES;
				GCC_C_LANGUAGE_STANDARD = gnu11;
				GCC_DYNAMIC_NO_PIC = NO;
				GCC_NO_COMMON_BLOCKS = YES;
				GCC_OPTIMIZATION_LEVEL = 0;
				GCC_PREPROCESSOR_DEFINITIONS = (
					"DEBUG=1",
					"$(inherited)",
				);
				GCC_WARN_64_TO_32_BIT_CONVERSION = YES;
				GCC_WARN_ABOUT_RETURN_TYPE = YES_ERROR;
				GCC_WARN_UNDECLARED_SELECTOR = YES;
				GCC_WARN_UNINITIALIZED_AUTOS = YES_AGGRESSIVE;
				GCC_WARN_UNUSED_FUNCTION = YES;
				GCC_WARN_UNUSED_VARIABLE = YES;
				IPHONEOS_DEPLOYMENT_TARGET = 12.1;
				MTL_ENABLE_DEBUG_INFO = INCLUDE_SOURCE;
				MTL_FAST_MATH = YES;
				ONLY_ACTIVE_ARCH = YES;
				SDKROOT = iphoneos;
				SWIFT_ACTIVE_COMPILATION_CONDITIONS = DEBUG;
				SWIFT_OPTIMIZATION_LEVEL = "-Onone";
			};
			name = Bedague;
		};
		ADC50BD6225C8A5D002FE148 /* Bedague */ = {
			isa = XCBuildConfiguration;
			buildSettings = {
				ASSETCATALOG_COMPILER_APPICON_NAME = AppIcon;
				CODE_SIGN_STYLE = Automatic;
				DEVELOPMENT_TEAM = 277BZ5KBNM;
				INFOPLIST_FILE = TargetTest/Info.plist;
				LD_RUNPATH_SEARCH_PATHS = (
					"$(inherited)",
					"@executable_path/Frameworks",
				);
				PRODUCT_BUNDLE_IDENTIFIER = com.goot.TargetTest;
				PRODUCT_NAME = "$(TARGET_NAME)";
				ST_AppVersion = 1.0.0;
				ST_BuildVersion = 1;
				ST_BundleId = com.test.bedague;
				ST_BundleName = $CONFIGURATION;
				SWIFT_ACTIVE_COMPILATION_CONDITIONS = $CONFIGURATION;
				SWIFT_VERSION = 4.2;
				TARGETED_DEVICE_FAMILY = "1,2";
			};
			name = Bedague;
		};
		ADC50BDE225C8CC1002FE148 /* Milliet */ = {
			isa = XCBuildConfiguration;
			buildSettings = {
				ALWAYS_SEARCH_USER_PATHS = NO;
				CLANG_ANALYZER_NONNULL = YES;
				CLANG_ANALYZER_NUMBER_OBJECT_CONVERSION = YES_AGGRESSIVE;
				CLANG_CXX_LANGUAGE_STANDARD = "gnu++14";
				CLANG_CXX_LIBRARY = "libc++";
				CLANG_ENABLE_MODULES = YES;
				CLANG_ENABLE_OBJC_ARC = YES;
				CLANG_ENABLE_OBJC_WEAK = YES;
				CLANG_WARN_BLOCK_CAPTURE_AUTORELEASING = YES;
				CLANG_WARN_BOOL_CONVERSION = YES;
				CLANG_WARN_COMMA = YES;
				CLANG_WARN_CONSTANT_CONVERSION = YES;
				CLANG_WARN_DEPRECATED_OBJC_IMPLEMENTATIONS = YES;
				CLANG_WARN_DIRECT_OBJC_ISA_USAGE = YES_ERROR;
				CLANG_WARN_DOCUMENTATION_COMMENTS = YES;
				CLANG_WARN_EMPTY_BODY = YES;
				CLANG_WARN_ENUM_CONVERSION = YES;
				CLANG_WARN_INFINITE_RECURSION = YES;
				CLANG_WARN_INT_CONVERSION = YES;
				CLANG_WARN_NON_LITERAL_NULL_CONVERSION = YES;
				CLANG_WARN_OBJC_IMPLICIT_RETAIN_SELF = YES;
				CLANG_WARN_OBJC_LITERAL_CONVERSION = YES;
				CLANG_WARN_OBJC_ROOT_CLASS = YES_ERROR;
				CLANG_WARN_RANGE_LOOP_ANALYSIS = YES;
				CLANG_WARN_STRICT_PROTOTYPES = YES;
				CLANG_WARN_SUSPICIOUS_MOVE = YES;
				CLANG_WARN_UNGUARDED_AVAILABILITY = YES_AGGRESSIVE;
				CLANG_WARN_UNREACHABLE_CODE = YES;
				CLANG_WARN__DUPLICATE_METHOD_MATCH = YES;
				CODE_SIGN_IDENTITY = "iPhone Developer";
				COPY_PHASE_STRIP = NO;
				DEBUG_INFORMATION_FORMAT = dwarf;
				ENABLE_STRICT_OBJC_MSGSEND = YES;
				ENABLE_TESTABILITY = YES;
				GCC_C_LANGUAGE_STANDARD = gnu11;
				GCC_DYNAMIC_NO_PIC = NO;
				GCC_NO_COMMON_BLOCKS = YES;
				GCC_OPTIMIZATION_LEVEL = 0;
				GCC_PREPROCESSOR_DEFINITIONS = (
					"DEBUG=1",
					"$(inherited)",
				);
				GCC_WARN_64_TO_32_BIT_CONVERSION = YES;
				GCC_WARN_ABOUT_RETURN_TYPE = YES_ERROR;
				GCC_WARN_UNDECLARED_SELECTOR = YES;
				GCC_WARN_UNINITIALIZED_AUTOS = YES_AGGRESSIVE;
				GCC_WARN_UNUSED_FUNCTION = YES;
				GCC_WARN_UNUSED_VARIABLE = YES;
				IPHONEOS_DEPLOYMENT_TARGET = 12.1;
				MTL_ENABLE_DEBUG_INFO = INCLUDE_SOURCE;
				MTL_FAST_MATH = YES;
				ONLY_ACTIVE_ARCH = YES;
				SDKROOT = iphoneos;
				SWIFT_ACTIVE_COMPILATION_CONDITIONS = DEBUG;
				SWIFT_OPTIMIZATION_LEVEL = "-Onone";
			};
			name = Milliet;
		};
		ADC50BDF225C8CC1002FE148 /* Milliet */ = {
			isa = XCBuildConfiguration;
			buildSettings = {
				ASSETCATALOG_COMPILER_APPICON_NAME = AppIcon;
				CODE_SIGN_STYLE = Automatic;
				DEVELOPMENT_TEAM = 277BZ5KBNM;
				INFOPLIST_FILE = TargetTest/Info.plist;
				LD_RUNPATH_SEARCH_PATHS = (
					"$(inherited)",
					"@executable_path/Frameworks",
				);
				PRODUCT_BUNDLE_IDENTIFIER = com.goot.TargetTest;
				PRODUCT_NAME = "$(TARGET_NAME)";
				ST_AppVersion = 1.5.0;
				ST_BuildVersion = 2;
				ST_BundleId = com.test.milliet;
				ST_BundleName = $CONFIGURATION;
				SWIFT_ACTIVE_COMPILATION_CONDITIONS = $CONFIGURATION;
				SWIFT_VERSION = 4.2;
				TARGETED_DEVICE_FAMILY = "1,2";
			};
			name = Milliet;
		};
		ADC50BE8225CA481002FE148 /* Bistrocash */ = {
			isa = XCBuildConfiguration;
			buildSettings = {
				ALWAYS_SEARCH_USER_PATHS = NO;
				CLANG_ANALYZER_NONNULL = YES;
				CLANG_ANALYZER_NUMBER_OBJECT_CONVERSION = YES_AGGRESSIVE;
				CLANG_CXX_LANGUAGE_STANDARD = "gnu++14";
				CLANG_CXX_LIBRARY = "libc++";
				CLANG_ENABLE_MODULES = YES;
				CLANG_ENABLE_OBJC_ARC = YES;
				CLANG_ENABLE_OBJC_WEAK = YES;
				CLANG_WARN_BLOCK_CAPTURE_AUTORELEASING = YES;
				CLANG_WARN_BOOL_CONVERSION = YES;
				CLANG_WARN_COMMA = YES;
				CLANG_WARN_CONSTANT_CONVERSION = YES;
				CLANG_WARN_DEPRECATED_OBJC_IMPLEMENTATIONS = YES;
				CLANG_WARN_DIRECT_OBJC_ISA_USAGE = YES_ERROR;
				CLANG_WARN_DOCUMENTATION_COMMENTS = YES;
				CLANG_WARN_EMPTY_BODY = YES;
				CLANG_WARN_ENUM_CONVERSION = YES;
				CLANG_WARN_INFINITE_RECURSION = YES;
				CLANG_WARN_INT_CONVERSION = YES;
				CLANG_WARN_NON_LITERAL_NULL_CONVERSION = YES;
				CLANG_WARN_OBJC_IMPLICIT_RETAIN_SELF = YES;
				CLANG_WARN_OBJC_LITERAL_CONVERSION = YES;
				CLANG_WARN_OBJC_ROOT_CLASS = YES_ERROR;
				CLANG_WARN_RANGE_LOOP_ANALYSIS = YES;
				CLANG_WARN_STRICT_PROTOTYPES = YES;
				CLANG_WARN_SUSPICIOUS_MOVE = YES;
				CLANG_WARN_UNGUARDED_AVAILABILITY = YES_AGGRESSIVE;
				CLANG_WARN_UNREACHABLE_CODE = YES;
				CLANG_WARN__DUPLICATE_METHOD_MATCH = YES;
				CODE_SIGN_IDENTITY = "iPhone Developer";
				COPY_PHASE_STRIP = NO;
				DEBUG_INFORMATION_FORMAT = dwarf;
				ENABLE_STRICT_OBJC_MSGSEND = YES;
				ENABLE_TESTABILITY = YES;
				GCC_C_LANGUAGE_STANDARD = gnu11;
				GCC_DYNAMIC_NO_PIC = NO;
				GCC_NO_COMMON_BLOCKS = YES;
				GCC_OPTIMIZATION_LEVEL = 0;
				GCC_PREPROCESSOR_DEFINITIONS = (
					"DEBUG=1",
					"$(inherited)",
				);
				GCC_WARN_64_TO_32_BIT_CONVERSION = YES;
				GCC_WARN_ABOUT_RETURN_TYPE = YES_ERROR;
				GCC_WARN_UNDECLARED_SELECTOR = YES;
				GCC_WARN_UNINITIALIZED_AUTOS = YES_AGGRESSIVE;
				GCC_WARN_UNUSED_FUNCTION = YES;
				GCC_WARN_UNUSED_VARIABLE = YES;
				IPHONEOS_DEPLOYMENT_TARGET = 12.1;
				MTL_ENABLE_DEBUG_INFO = INCLUDE_SOURCE;
				MTL_FAST_MATH = YES;
				ONLY_ACTIVE_ARCH = YES;
				SDKROOT = iphoneos;
				SWIFT_ACTIVE_COMPILATION_CONDITIONS = DEBUG;
				SWIFT_OPTIMIZATION_LEVEL = "-Onone";
			};
			name = Bistrocash;
		};
		ADC50BE9225CA481002FE148 /* Bistrocash */ = {
			isa = XCBuildConfiguration;
			buildSettings = {
				ASSETCATALOG_COMPILER_APPICON_NAME = AppIcon;
				CODE_SIGN_STYLE = Automatic;
				DEVELOPMENT_TEAM = 277BZ5KBNM;
				INFOPLIST_FILE = TargetTest/Info.plist;
				LD_RUNPATH_SEARCH_PATHS = (
					"$(inherited)",
					"@executable_path/Frameworks",
				);
				PRODUCT_BUNDLE_IDENTIFIER = com.goot.TargetTest;
				PRODUCT_NAME = "$(TARGET_NAME)";
				ST_AppVersion = 1.0.0;
				ST_BuildVersion = 2;
				ST_BundleId = com.test.bistrocash;
				ST_BundleName = $CONFIGURATION;
				SWIFT_ACTIVE_COMPILATION_CONDITIONS = $CONFIGURATION;
				SWIFT_VERSION = 4.2;
				TARGETED_DEVICE_FAMILY = "1,2";
			};
			name = Bistrocash;
		};
/* End XCBuildConfiguration section */

/* Begin XCConfigurationList section */
		ADC50BBE225C8A5C002FE148 /* Build configuration list for PBXProject "TargetTest" */ = {
			isa = XCConfigurationList;
			buildConfigurations = (
				ADC50BD3225C8A5D002FE148 /* Bedague */,
				ADC50BDE225C8CC1002FE148 /* Milliet */,
				ADC50BE8225CA481002FE148 /* Bistrocash */,
			);
			defaultConfigurationIsVisible = 0;
			defaultConfigurationName = Bedague;
		};
		ADC50BD5225C8A5D002FE148 /* Build configuration list for PBXNativeTarget "TargetTest" */ = {
			isa = XCConfigurationList;
			buildConfigurations = (
				ADC50BD6225C8A5D002FE148 /* Bedague */,
				ADC50BDF225C8CC1002FE148 /* Milliet */,
				ADC50BE9225CA481002FE148 /* Bistrocash */,
			);
			defaultConfigurationIsVisible = 0;
			defaultConfigurationName = Bedague;
		};
/* End XCConfigurationList section */
	};
	rootObject = ADC50BBB225C8A5C002FE148 /* Project object */;
}
